// !$*UTF8*$!
{
	archiveVersion = 1;
	classes = {
	};
	objectVersion = 46;
	objects = {

/* Begin PBXBuildFile section */
		500B6D901ABC8D7D001B5811 /* Images.xcassets in Resources */ = {isa = PBXBuildFile; fileRef = 500B6D8F1ABC8D7D001B5811 /* Images.xcassets */; };
		5012043D1ABA44C200F4C075 /* Main.storyboard in Resources */ = {isa = PBXBuildFile; fileRef = 5012043B1ABA44C200F4C075 /* Main.storyboard */; };
		501204491ABA44C200F4C075 /* Rattle_Physics_BetaTests.swift in Sources */ = {isa = PBXBuildFile; fileRef = 501204481ABA44C200F4C075 /* Rattle_Physics_BetaTests.swift */; };
		501204501ABA450800F4C075 /* RMXShapes.m in Sources */ = {isa = PBXBuildFile; fileRef = 50F8856D1ABA33CB0021B9C8 /* RMXShapes.m */; };
		501204511ABA450800F4C075 /* run.m in Sources */ = {isa = PBXBuildFile; fileRef = 50F8856A1ABA339F0021B9C8 /* run.m */; };
		501204521ABA450800F4C075 /* RMXKeyboardProcessor.m in Sources */ = {isa = PBXBuildFile; fileRef = 6C7B50881A9E7B7400B140D7 /* RMXKeyboardProcessor.m */; };
		501204531ABA450800F4C075 /* RMXMouseProcessor.m in Sources */ = {isa = PBXBuildFile; fileRef = 6C7B508C1A9E7B7400B140D7 /* RMXMouseProcessor.m */; };
		501204541ABA450800F4C075 /* RMXEquations.m in Sources */ = {isa = PBXBuildFile; fileRef = 50E6B9AF1AAE455600B5F1B3 /* RMXEquations.m */; };
		501204551ABA450800F4C075 /* RMXMaths.m in Sources */ = {isa = PBXBuildFile; fileRef = 50E6B9B11AAE455600B5F1B3 /* RMXMaths.m */; };
		501204561ABA450800F4C075 /* cStuff.m in Sources */ = {isa = PBXBuildFile; fileRef = 503203E21AB0A8A9000DD1FE /* cStuff.m */; };
		501204571ABA451400F4C075 /* RMSArt.swift in Sources */ = {isa = PBXBuildFile; fileRef = 50F885481ABA337C0021B9C8 /* RMSArt.swift */; };
		501204581ABA451400F4C075 /* RMSMaths.swift in Sources */ = {isa = PBXBuildFile; fileRef = 50F885491ABA337C0021B9C8 /* RMSMaths.swift */; };
		501204591ABA451400F4C075 /* RMSParticle.swift in Sources */ = {isa = PBXBuildFile; fileRef = 50F8854A1ABA337C0021B9C8 /* RMSParticle.swift */; };
		5012045A1ABA451400F4C075 /* RMSPhysicsBody.swift in Sources */ = {isa = PBXBuildFile; fileRef = 50F8854B1ABA337C0021B9C8 /* RMSPhysicsBody.swift */; };
		5012045B1ABA451400F4C075 /* RMSWorld.swift in Sources */ = {isa = PBXBuildFile; fileRef = 50F8854C1ABA337C0021B9C8 /* RMSWorld.swift */; };
		5012045C1ABA451400F4C075 /* RMX.swift in Sources */ = {isa = PBXBuildFile; fileRef = 50F8854D1ABA337C0021B9C8 /* RMX.swift */; };
		5012045D1ABA451400F4C075 /* RMXCamera.swift in Sources */ = {isa = PBXBuildFile; fileRef = 50F8854E1ABA337C0021B9C8 /* RMXCamera.swift */; };
		5012045E1ABA451400F4C075 /* RMXDebugger.swift in Sources */ = {isa = PBXBuildFile; fileRef = 50F8854F1ABA337C0021B9C8 /* RMXDebugger.swift */; };
		5012045F1ABA451400F4C075 /* RMXGLut.swift in Sources */ = {isa = PBXBuildFile; fileRef = 50F885501ABA337C0021B9C8 /* RMXGLut.swift */; };
		501204601ABA451400F4C075 /* RMXMouse.swift in Sources */ = {isa = PBXBuildFile; fileRef = 50F885521ABA337C0021B9C8 /* RMXMouse.swift */; };
		501204611ABA451400F4C075 /* RMXObject.swift in Sources */ = {isa = PBXBuildFile; fileRef = 50F885531ABA337C0021B9C8 /* RMXObject.swift */; };
		501204621ABA451400F4C075 /* RMXPhysics.swift in Sources */ = {isa = PBXBuildFile; fileRef = 50F885551ABA337C0021B9C8 /* RMXPhysics.swift */; };
		501204631ABA451400F4C075 /* RMXShape.swift in Sources */ = {isa = PBXBuildFile; fileRef = 50F885561ABA337C0021B9C8 /* RMXShape.swift */; };
		501204641ABA451400F4C075 /* RMXSpriteActions.swift in Sources */ = {isa = PBXBuildFile; fileRef = 50F885571ABA337C0021B9C8 /* RMXSpriteActions.swift */; };
		5012046B1ABA47AA00F4C075 /* GLKit.framework in Frameworks */ = {isa = PBXBuildFile; fileRef = 505DD5A91AAF5B3D008FFB84 /* GLKit.framework */; };
		50183D411AAE2E8900FF2A26 /* RMXMouseProcessor.m in Sources */ = {isa = PBXBuildFile; fileRef = 6C7B508C1A9E7B7400B140D7 /* RMXMouseProcessor.m */; };
		503203D21AB0A4B4000DD1FE /* GLKit.framework in Frameworks */ = {isa = PBXBuildFile; fileRef = 505DD5A91AAF5B3D008FFB84 /* GLKit.framework */; };
		503203D41AB0A719000DD1FE /* SceneKit.framework in Frameworks */ = {isa = PBXBuildFile; fileRef = 503203D31AB0A719000DD1FE /* SceneKit.framework */; };
		503203DC1AB0A821000DD1FE /* RMXScene.swift in Sources */ = {isa = PBXBuildFile; fileRef = 503203DB1AB0A821000DD1FE /* RMXScene.swift */; };
		503203E41AB0A8A9000DD1FE /* cStuff.m in Sources */ = {isa = PBXBuildFile; fileRef = 503203E21AB0A8A9000DD1FE /* cStuff.m */; };
		505DC59D1AB0A8FE006CC4A9 /* RMXMouseProcessor.m in Sources */ = {isa = PBXBuildFile; fileRef = 6C7B508C1A9E7B7400B140D7 /* RMXMouseProcessor.m */; };
		505DC5A01AB0A907006CC4A9 /* RMXKeyboardProcessor.m in Sources */ = {isa = PBXBuildFile; fileRef = 6C7B50881A9E7B7400B140D7 /* RMXKeyboardProcessor.m */; };
		505DC5A61AB0A920006CC4A9 /* RMXEquations.m in Sources */ = {isa = PBXBuildFile; fileRef = 50E6B9AF1AAE455600B5F1B3 /* RMXEquations.m */; };
		505DC5A71AB0A920006CC4A9 /* RMXMaths.m in Sources */ = {isa = PBXBuildFile; fileRef = 50E6B9B11AAE455600B5F1B3 /* RMXMaths.m */; };
		508AB5D71AB7B4D200B95AF8 /* RMXKeyboardProcessor.m in Sources */ = {isa = PBXBuildFile; fileRef = 6C7B50881A9E7B7400B140D7 /* RMXKeyboardProcessor.m */; };
		509B6C261ABDE9F900D4AF94 /* AppDelegate.swift in Sources */ = {isa = PBXBuildFile; fileRef = 509B6C251ABDE9F900D4AF94 /* AppDelegate.swift */; };
		509B6C281ABDE9F900D4AF94 /* GameView.swift in Sources */ = {isa = PBXBuildFile; fileRef = 509B6C271ABDE9F900D4AF94 /* GameView.swift */; };
		509B6C2A1ABDE9F900D4AF94 /* GameViewController.swift in Sources */ = {isa = PBXBuildFile; fileRef = 509B6C291ABDE9F900D4AF94 /* GameViewController.swift */; };
		509B6C2C1ABDE9F900D4AF94 /* art.scnassets in Resources */ = {isa = PBXBuildFile; fileRef = 509B6C2B1ABDE9F900D4AF94 /* art.scnassets */; };
		509B6C2E1ABDE9F900D4AF94 /* Images.xcassets in Resources */ = {isa = PBXBuildFile; fileRef = 509B6C2D1ABDE9F900D4AF94 /* Images.xcassets */; };
		509B6C311ABDE9F900D4AF94 /* MainMenu.xib in Resources */ = {isa = PBXBuildFile; fileRef = 509B6C2F1ABDE9F900D4AF94 /* MainMenu.xib */; };
		509B6C3D1ABDE9F900D4AF94 /* RMS_SceneKitTests.swift in Sources */ = {isa = PBXBuildFile; fileRef = 509B6C3C1ABDE9F900D4AF94 /* RMS_SceneKitTests.swift */; };
		509B6C441ABDEA3300D4AF94 /* RMSArt.swift in Sources */ = {isa = PBXBuildFile; fileRef = 50F885481ABA337C0021B9C8 /* RMSArt.swift */; };
		509B6C451ABDEA3300D4AF94 /* RMSMaths.swift in Sources */ = {isa = PBXBuildFile; fileRef = 50F885491ABA337C0021B9C8 /* RMSMaths.swift */; };
		509B6C461ABDEA3300D4AF94 /* RMSParticle.swift in Sources */ = {isa = PBXBuildFile; fileRef = 50F8854A1ABA337C0021B9C8 /* RMSParticle.swift */; };
		509B6C471ABDEA3300D4AF94 /* RMSPhysicsBody.swift in Sources */ = {isa = PBXBuildFile; fileRef = 50F8854B1ABA337C0021B9C8 /* RMSPhysicsBody.swift */; };
		509B6C481ABDEA3300D4AF94 /* RMSWorld.swift in Sources */ = {isa = PBXBuildFile; fileRef = 50F8854C1ABA337C0021B9C8 /* RMSWorld.swift */; };
		509B6C491ABDEA3300D4AF94 /* RMX.swift in Sources */ = {isa = PBXBuildFile; fileRef = 50F8854D1ABA337C0021B9C8 /* RMX.swift */; };
		509B6C4A1ABDEA3300D4AF94 /* RMXCamera.swift in Sources */ = {isa = PBXBuildFile; fileRef = 50F8854E1ABA337C0021B9C8 /* RMXCamera.swift */; };
		509B6C4B1ABDEA3300D4AF94 /* RMXDebugger.swift in Sources */ = {isa = PBXBuildFile; fileRef = 50F8854F1ABA337C0021B9C8 /* RMXDebugger.swift */; };
		509B6C4C1ABDEA3300D4AF94 /* RMXGLut.swift in Sources */ = {isa = PBXBuildFile; fileRef = 50F885501ABA337C0021B9C8 /* RMXGLut.swift */; };
		509B6C4D1ABDEA3300D4AF94 /* RMXMouse.swift in Sources */ = {isa = PBXBuildFile; fileRef = 50F885521ABA337C0021B9C8 /* RMXMouse.swift */; };
		509B6C4E1ABDEA3300D4AF94 /* RMXObject.swift in Sources */ = {isa = PBXBuildFile; fileRef = 50F885531ABA337C0021B9C8 /* RMXObject.swift */; };
		509B6C4F1ABDEA3300D4AF94 /* RMXPhysics.swift in Sources */ = {isa = PBXBuildFile; fileRef = 50F885551ABA337C0021B9C8 /* RMXPhysics.swift */; };
		509B6C501ABDEA3300D4AF94 /* RMXShape.swift in Sources */ = {isa = PBXBuildFile; fileRef = 50F885561ABA337C0021B9C8 /* RMXShape.swift */; };
		509B6C511ABDEA3300D4AF94 /* RMXSpriteActions.swift in Sources */ = {isa = PBXBuildFile; fileRef = 50F885571ABA337C0021B9C8 /* RMXSpriteActions.swift */; };
		509B6C521ABDEB2500D4AF94 /* RMXShapes.m in Sources */ = {isa = PBXBuildFile; fileRef = 50F8856D1ABA33CB0021B9C8 /* RMXShapes.m */; };
		509B6C531ABDEB2500D4AF94 /* RMXEquations.m in Sources */ = {isa = PBXBuildFile; fileRef = 50E6B9AF1AAE455600B5F1B3 /* RMXEquations.m */; };
		509B6C541ABDEB2500D4AF94 /* RMXMaths.m in Sources */ = {isa = PBXBuildFile; fileRef = 50E6B9B11AAE455600B5F1B3 /* RMXMaths.m */; };
		509B6C551ABDEB2500D4AF94 /* cStuff.m in Sources */ = {isa = PBXBuildFile; fileRef = 503203E21AB0A8A9000DD1FE /* cStuff.m */; };
		509B6C561ABDED5D00D4AF94 /* run.m in Sources */ = {isa = PBXBuildFile; fileRef = 50F8856A1ABA339F0021B9C8 /* run.m */; };
		509B6C571ABDED6D00D4AF94 /* RMXKeyboardProcessor.m in Sources */ = {isa = PBXBuildFile; fileRef = 6C7B50881A9E7B7400B140D7 /* RMXKeyboardProcessor.m */; };
		509B6C581ABDED6D00D4AF94 /* RMXMouseProcessor.m in Sources */ = {isa = PBXBuildFile; fileRef = 6C7B508C1A9E7B7400B140D7 /* RMXMouseProcessor.m */; };
		509B6C5C1ABDF43200D4AF94 /* RMXScene.swift in Sources */ = {isa = PBXBuildFile; fileRef = 503203DB1AB0A821000DD1FE /* RMXScene.swift */; };
		50A07A8B1ABDB2F500509334 /* ViewController.swift in Sources */ = {isa = PBXBuildFile; fileRef = 501204371ABA44C200F4C075 /* ViewController.swift */; };
		50A07A8D1ABDB38000509334 /* AppDelegate.swift in Sources */ = {isa = PBXBuildFile; fileRef = 501204351ABA44C200F4C075 /* AppDelegate.swift */; };
		50A07A8E1ABDBD7D00509334 /* RMSView.swift in Sources */ = {isa = PBXBuildFile; fileRef = 5008DAA01AB9FC8D00565A28 /* RMSView.swift */; };
		50CB5BA11ABB3F44001C61FF /* rattle1.icns in Resources */ = {isa = PBXBuildFile; fileRef = 50CB5BA01ABB3F44001C61FF /* rattle1.icns */; };
		50D971931ABA51BB00CB7285 /* GLKit.framework in Frameworks */ = {isa = PBXBuildFile; fileRef = 505DD5A91AAF5B3D008FFB84 /* GLKit.framework */; };
		50D971941ABA51C400CB7285 /* SceneKit.framework in Frameworks */ = {isa = PBXBuildFile; fileRef = 503203D31AB0A719000DD1FE /* SceneKit.framework */; };
		50E6B9B21AAE455600B5F1B3 /* RMXEquations.m in Sources */ = {isa = PBXBuildFile; fileRef = 50E6B9AF1AAE455600B5F1B3 /* RMXEquations.m */; };
		50E6B9B31AAE455600B5F1B3 /* RMXMaths.m in Sources */ = {isa = PBXBuildFile; fileRef = 50E6B9B11AAE455600B5F1B3 /* RMXMaths.m */; };
		50F885591ABA337C0021B9C8 /* RMSArt.swift in Sources */ = {isa = PBXBuildFile; fileRef = 50F885481ABA337C0021B9C8 /* RMSArt.swift */; };
		50F8855A1ABA337C0021B9C8 /* RMSMaths.swift in Sources */ = {isa = PBXBuildFile; fileRef = 50F885491ABA337C0021B9C8 /* RMSMaths.swift */; };
		50F8855B1ABA337C0021B9C8 /* RMSParticle.swift in Sources */ = {isa = PBXBuildFile; fileRef = 50F8854A1ABA337C0021B9C8 /* RMSParticle.swift */; };
		50F8855C1ABA337C0021B9C8 /* RMSPhysicsBody.swift in Sources */ = {isa = PBXBuildFile; fileRef = 50F8854B1ABA337C0021B9C8 /* RMSPhysicsBody.swift */; };
		50F8855D1ABA337C0021B9C8 /* RMSWorld.swift in Sources */ = {isa = PBXBuildFile; fileRef = 50F8854C1ABA337C0021B9C8 /* RMSWorld.swift */; };
		50F8855E1ABA337C0021B9C8 /* RMX.swift in Sources */ = {isa = PBXBuildFile; fileRef = 50F8854D1ABA337C0021B9C8 /* RMX.swift */; };
		50F8855F1ABA337C0021B9C8 /* RMXCamera.swift in Sources */ = {isa = PBXBuildFile; fileRef = 50F8854E1ABA337C0021B9C8 /* RMXCamera.swift */; };
		50F885601ABA337C0021B9C8 /* RMXDebugger.swift in Sources */ = {isa = PBXBuildFile; fileRef = 50F8854F1ABA337C0021B9C8 /* RMXDebugger.swift */; };
		50F885611ABA337C0021B9C8 /* RMXGLut.swift in Sources */ = {isa = PBXBuildFile; fileRef = 50F885501ABA337C0021B9C8 /* RMXGLut.swift */; };
		50F885631ABA337C0021B9C8 /* RMXMouse.swift in Sources */ = {isa = PBXBuildFile; fileRef = 50F885521ABA337C0021B9C8 /* RMXMouse.swift */; };
		50F885641ABA337C0021B9C8 /* RMXObject.swift in Sources */ = {isa = PBXBuildFile; fileRef = 50F885531ABA337C0021B9C8 /* RMXObject.swift */; };
		50F885661ABA337C0021B9C8 /* RMXPhysics.swift in Sources */ = {isa = PBXBuildFile; fileRef = 50F885551ABA337C0021B9C8 /* RMXPhysics.swift */; };
		50F885671ABA337C0021B9C8 /* RMXShape.swift in Sources */ = {isa = PBXBuildFile; fileRef = 50F885561ABA337C0021B9C8 /* RMXShape.swift */; };
		50F885681ABA337C0021B9C8 /* RMXSpriteActions.swift in Sources */ = {isa = PBXBuildFile; fileRef = 50F885571ABA337C0021B9C8 /* RMXSpriteActions.swift */; };
		50F8856B1ABA339F0021B9C8 /* run.m in Sources */ = {isa = PBXBuildFile; fileRef = 50F8856A1ABA339F0021B9C8 /* run.m */; };
		50F8856E1ABA33CB0021B9C8 /* RMXShapes.m in Sources */ = {isa = PBXBuildFile; fileRef = 50F8856D1ABA33CB0021B9C8 /* RMXShapes.m */; };
		6CCA4F881ABFF64B004D8209 /* RMXController.swift in Sources */ = {isa = PBXBuildFile; fileRef = 6CF88B691ABFE79500450039 /* RMXController.swift */; };
		6CCA4F891ABFFD61004D8209 /* RMXMouse.swift in Sources */ = {isa = PBXBuildFile; fileRef = 50F885521ABA337C0021B9C8 /* RMXMouse.swift */; };
		6CCA4F8A1ABFFD83004D8209 /* cStuff.m in Sources */ = {isa = PBXBuildFile; fileRef = 503203E21AB0A8A9000DD1FE /* cStuff.m */; };
		6CCA4F8C1ABFFEC6004D8209 /* RMXViewController.m in Sources */ = {isa = PBXBuildFile; fileRef = 6CCA4F8B1ABFFEC6004D8209 /* RMXViewController.m */; };
		6CCA4F8E1ABFFF51004D8209 /* texture_numbers.png in Resources */ = {isa = PBXBuildFile; fileRef = 6CCA4F8D1ABFFF51004D8209 /* texture_numbers.png */; };
		6CF88B341ABFE6BE00450039 /* main.m in Sources */ = {isa = PBXBuildFile; fileRef = 6CF88B331ABFE6BE00450039 /* main.m */; };
		6CF88B371ABFE6BE00450039 /* AppDelegate.m in Sources */ = {isa = PBXBuildFile; fileRef = 6CF88B361ABFE6BE00450039 /* AppDelegate.m */; };
		6CF88B391ABFE6BE00450039 /* Shader.fsh in Resources */ = {isa = PBXBuildFile; fileRef = 6CF88B381ABFE6BE00450039 /* Shader.fsh */; };
		6CF88B3B1ABFE6BE00450039 /* Shader.vsh in Resources */ = {isa = PBXBuildFile; fileRef = 6CF88B3A1ABFE6BE00450039 /* Shader.vsh */; };
		6CF88B411ABFE6BE00450039 /* Main.storyboard in Resources */ = {isa = PBXBuildFile; fileRef = 6CF88B3F1ABFE6BE00450039 /* Main.storyboard */; };
		6CF88B431ABFE6BE00450039 /* Images.xcassets in Resources */ = {isa = PBXBuildFile; fileRef = 6CF88B421ABFE6BE00450039 /* Images.xcassets */; };
		6CF88B461ABFE6BE00450039 /* LaunchScreen.xib in Resources */ = {isa = PBXBuildFile; fileRef = 6CF88B441ABFE6BE00450039 /* LaunchScreen.xib */; };
		6CF88B521ABFE6BE00450039 /* RMX_ESTests.m in Sources */ = {isa = PBXBuildFile; fileRef = 6CF88B511ABFE6BE00450039 /* RMX_ESTests.m */; };
		6CF88B591ABFE72B00450039 /* RMSArt.swift in Sources */ = {isa = PBXBuildFile; fileRef = 50F885481ABA337C0021B9C8 /* RMSArt.swift */; };
		6CF88B5A1ABFE72B00450039 /* RMSMaths.swift in Sources */ = {isa = PBXBuildFile; fileRef = 50F885491ABA337C0021B9C8 /* RMSMaths.swift */; };
		6CF88B5B1ABFE72B00450039 /* RMSParticle.swift in Sources */ = {isa = PBXBuildFile; fileRef = 50F8854A1ABA337C0021B9C8 /* RMSParticle.swift */; };
		6CF88B5C1ABFE72B00450039 /* RMSPhysicsBody.swift in Sources */ = {isa = PBXBuildFile; fileRef = 50F8854B1ABA337C0021B9C8 /* RMSPhysicsBody.swift */; };
		6CF88B5D1ABFE72B00450039 /* RMSWorld.swift in Sources */ = {isa = PBXBuildFile; fileRef = 50F8854C1ABA337C0021B9C8 /* RMSWorld.swift */; };
		6CF88B5E1ABFE72B00450039 /* RMX.swift in Sources */ = {isa = PBXBuildFile; fileRef = 50F8854D1ABA337C0021B9C8 /* RMX.swift */; };
		6CF88B5F1ABFE72B00450039 /* RMXCamera.swift in Sources */ = {isa = PBXBuildFile; fileRef = 50F8854E1ABA337C0021B9C8 /* RMXCamera.swift */; };
		6CF88B601ABFE72B00450039 /* RMXDebugger.swift in Sources */ = {isa = PBXBuildFile; fileRef = 50F8854F1ABA337C0021B9C8 /* RMXDebugger.swift */; };
		6CF88B641ABFE72B00450039 /* RMXObject.swift in Sources */ = {isa = PBXBuildFile; fileRef = 50F885531ABA337C0021B9C8 /* RMXObject.swift */; };
		6CF88B651ABFE72B00450039 /* RMXPhysics.swift in Sources */ = {isa = PBXBuildFile; fileRef = 50F885551ABA337C0021B9C8 /* RMXPhysics.swift */; };
		6CF88B661ABFE72B00450039 /* RMXShape.swift in Sources */ = {isa = PBXBuildFile; fileRef = 50F885561ABA337C0021B9C8 /* RMXShape.swift */; };
		6CF88B671ABFE72B00450039 /* RMXSpriteActions.swift in Sources */ = {isa = PBXBuildFile; fileRef = 50F885571ABA337C0021B9C8 /* RMXSpriteActions.swift */; };
		6CF88B701ABFE87D00450039 /* RMSActionProcessor.swift in Sources */ = {isa = PBXBuildFile; fileRef = 6CF88B6F1ABFE87D00450039 /* RMSActionProcessor.swift */; };
		6CF88B711ABFE87D00450039 /* RMSActionProcessor.swift in Sources */ = {isa = PBXBuildFile; fileRef = 6CF88B6F1ABFE87D00450039 /* RMSActionProcessor.swift */; };
		6CF88B731ABFE8AB00450039 /* RMSKeys.swift in Sources */ = {isa = PBXBuildFile; fileRef = 6CF88B721ABFE8AB00450039 /* RMSKeys.swift */; };
		6CF88B741ABFE8AB00450039 /* RMSKeys.swift in Sources */ = {isa = PBXBuildFile; fileRef = 6CF88B721ABFE8AB00450039 /* RMSKeys.swift */; };
		6CF88B761ABFE8B900450039 /* RMXDPad.swift in Sources */ = {isa = PBXBuildFile; fileRef = 6CF88B751ABFE8B900450039 /* RMXDPad.swift */; };
		6CF88B771ABFE8B900450039 /* RMXDPad.swift in Sources */ = {isa = PBXBuildFile; fileRef = 6CF88B751ABFE8B900450039 /* RMXDPad.swift */; };
		6CF88B7F1ABFE92D00450039 /* RMXEquations.m in Sources */ = {isa = PBXBuildFile; fileRef = 50E6B9AF1AAE455600B5F1B3 /* RMXEquations.m */; };
		6CF88B801ABFE92D00450039 /* RMXMaths.m in Sources */ = {isa = PBXBuildFile; fileRef = 50E6B9B11AAE455600B5F1B3 /* RMXMaths.m */; };
		6CF88B831ABFEB7100450039 /* RMXInitialize.swift in Sources */ = {isa = PBXBuildFile; fileRef = 6CF88B821ABFEB7100450039 /* RMXInitialize.swift */; };
		6CF88B841ABFEB7100450039 /* RMXInitialize.swift in Sources */ = {isa = PBXBuildFile; fileRef = 6CF88B821ABFEB7100450039 /* RMXInitialize.swift */; };
		6CF88B871ABFEC4B00450039 /* Geometry.m in Sources */ = {isa = PBXBuildFile; fileRef = 6CF88B861ABFEC4B00450039 /* Geometry.m */; };
		6CF88B881ABFEC4B00450039 /* Geometry.m in Sources */ = {isa = PBXBuildFile; fileRef = 6CF88B861ABFEC4B00450039 /* Geometry.m */; };
		6CF88B8A1ABFED7400450039 /* RMXValue.swift in Sources */ = {isa = PBXBuildFile; fileRef = 6CF88B891ABFED7400450039 /* RMXValue.swift */; };
		6CF88B8B1ABFED7400450039 /* RMXValue.swift in Sources */ = {isa = PBXBuildFile; fileRef = 6CF88B891ABFED7400450039 /* RMXValue.swift */; };
		6CF88B8D1ABFF02300450039 /* RMXWorld.swift in Sources */ = {isa = PBXBuildFile; fileRef = 6CF88B8C1ABFF02300450039 /* RMXWorld.swift */; };
		6CF88B8E1ABFF02300450039 /* RMXWorld.swift in Sources */ = {isa = PBXBuildFile; fileRef = 6CF88B8C1ABFF02300450039 /* RMXWorld.swift */; };
/* End PBXBuildFile section */

/* Begin PBXContainerItemProxy section */
		5008DA561AB9F34E00565A28 /* PBXContainerItemProxy */ = {
			isa = PBXContainerItemProxy;
			containerPortal = 6C7B50681A9E7B2E00B140D7 /* Project object */;
			proxyType = 1;
			remoteGlobalIDString = 5008DA3C1AB9F34E00565A28;
			remoteInfo = RattleGLES;
		};
		501204201ABA43E500F4C075 /* PBXContainerItemProxy */ = {
			isa = PBXContainerItemProxy;
			containerPortal = 6C7B50681A9E7B2E00B140D7 /* Project object */;
			proxyType = 1;
			remoteGlobalIDString = 501204091ABA43E500F4C075;
			remoteInfo = RMXPhysicsBeta;
		};
		501204431ABA44C200F4C075 /* PBXContainerItemProxy */ = {
			isa = PBXContainerItemProxy;
			containerPortal = 6C7B50681A9E7B2E00B140D7 /* Project object */;
			proxyType = 1;
			remoteGlobalIDString = 501204301ABA44C200F4C075;
			remoteInfo = "Rattle Physics Beta";
		};
		509B6C371ABDE9F900D4AF94 /* PBXContainerItemProxy */ = {
			isa = PBXContainerItemProxy;
			containerPortal = 6C7B50681A9E7B2E00B140D7 /* Project object */;
			proxyType = 1;
			remoteGlobalIDString = 509B6C201ABDE9F900D4AF94;
			remoteInfo = "RMS SceneKit";
		};
		6CF88B4C1ABFE6BE00450039 /* PBXContainerItemProxy */ = {
			isa = PBXContainerItemProxy;
			containerPortal = 6C7B50681A9E7B2E00B140D7 /* Project object */;
			proxyType = 1;
			remoteGlobalIDString = 6CF88B2E1ABFE6BE00450039;
			remoteInfo = "RMX-ES";
		};
/* End PBXContainerItemProxy section */

/* Begin PBXCopyFilesBuildPhase section */
		503203D71AB0A821000DD1FE /* CopyFiles */ = {
			isa = PBXCopyFilesBuildPhase;
			buildActionMask = 2147483647;
			dstPath = /usr/share/man/man1/;
			dstSubfolderSpec = 0;
			files = (
			);
			runOnlyForDeploymentPostprocessing = 1;
		};
		6C7B506E1A9E7B2E00B140D7 /* CopyFiles */ = {
			isa = PBXCopyFilesBuildPhase;
			buildActionMask = 2147483647;
			dstPath = /usr/share/man/man1/;
			dstSubfolderSpec = 0;
			files = (
			);
			runOnlyForDeploymentPostprocessing = 1;
		};
/* End PBXCopyFilesBuildPhase section */

/* Begin PBXFileReference section */
		5008DA3D1AB9F34E00565A28 /* RattleGLES.app */ = {isa = PBXFileReference; explicitFileType = wrapper.application; includeInIndex = 0; path = RattleGLES.app; sourceTree = BUILT_PRODUCTS_DIR; };
		5008DA551AB9F34E00565A28 /* RattleGLESTests.xctest */ = {isa = PBXFileReference; explicitFileType = wrapper.cfbundle; includeInIndex = 0; path = RattleGLESTests.xctest; sourceTree = BUILT_PRODUCTS_DIR; };
		5008DAA01AB9FC8D00565A28 /* RMSView.swift */ = {isa = PBXFileReference; fileEncoding = 4; lastKnownFileType = sourcecode.swift; name = RMSView.swift; path = ../RattleGLS/RMSView.swift; sourceTree = "<group>"; };
		500B6D8F1ABC8D7D001B5811 /* Images.xcassets */ = {isa = PBXFileReference; lastKnownFileType = folder.assetcatalog; path = Images.xcassets; sourceTree = "<group>"; };
		5012040A1ABA43E500F4C075 /* RMXPhysicsBeta.app */ = {isa = PBXFileReference; explicitFileType = wrapper.application; includeInIndex = 0; path = RMXPhysicsBeta.app; sourceTree = BUILT_PRODUCTS_DIR; };
		5012041F1ABA43E500F4C075 /* RMXPhysicsBetaTests.xctest */ = {isa = PBXFileReference; explicitFileType = wrapper.cfbundle; includeInIndex = 0; path = RMXPhysicsBetaTests.xctest; sourceTree = BUILT_PRODUCTS_DIR; };
		501204311ABA44C200F4C075 /* Rattle Physics Beta.app */ = {isa = PBXFileReference; explicitFileType = wrapper.application; includeInIndex = 0; path = "Rattle Physics Beta.app"; sourceTree = BUILT_PRODUCTS_DIR; };
		501204341ABA44C200F4C075 /* Info.plist */ = {isa = PBXFileReference; lastKnownFileType = text.plist.xml; path = Info.plist; sourceTree = "<group>"; };
		501204351ABA44C200F4C075 /* AppDelegate.swift */ = {isa = PBXFileReference; lastKnownFileType = sourcecode.swift; path = AppDelegate.swift; sourceTree = "<group>"; };
		501204371ABA44C200F4C075 /* ViewController.swift */ = {isa = PBXFileReference; lastKnownFileType = sourcecode.swift; path = ViewController.swift; sourceTree = "<group>"; };
		5012043C1ABA44C200F4C075 /* Base */ = {isa = PBXFileReference; lastKnownFileType = file.storyboard; name = Base; path = Base.lproj/Main.storyboard; sourceTree = "<group>"; };
		501204421ABA44C200F4C075 /* Rattle Physics BetaTests.xctest */ = {isa = PBXFileReference; explicitFileType = wrapper.cfbundle; includeInIndex = 0; path = "Rattle Physics BetaTests.xctest"; sourceTree = BUILT_PRODUCTS_DIR; };
		501204471ABA44C200F4C075 /* Info.plist */ = {isa = PBXFileReference; lastKnownFileType = text.plist.xml; path = Info.plist; sourceTree = "<group>"; };
		501204481ABA44C200F4C075 /* Rattle_Physics_BetaTests.swift */ = {isa = PBXFileReference; lastKnownFileType = sourcecode.swift; path = Rattle_Physics_BetaTests.swift; sourceTree = "<group>"; };
		5012046C1ABA49AD00F4C075 /* RattleGLS-Bridging-Header.h */ = {isa = PBXFileReference; lastKnownFileType = sourcecode.c.h; path = "RattleGLS-Bridging-Header.h"; sourceTree = SOURCE_ROOT; };
		50183D421AAE2E8E00FF2A26 /* RMXMouseProcessor.h */ = {isa = PBXFileReference; lastKnownFileType = sourcecode.c.h; name = RMXMouseProcessor.h; path = "../Objective-C/RMXMouseProcessor.h"; sourceTree = "<group>"; };
		503203D31AB0A719000DD1FE /* SceneKit.framework */ = {isa = PBXFileReference; lastKnownFileType = wrapper.framework; name = SceneKit.framework; path = System/Library/Frameworks/SceneKit.framework; sourceTree = SDKROOT; };
		503203D91AB0A821000DD1FE /* RattleGLS */ = {isa = PBXFileReference; explicitFileType = "compiled.mach-o.executable"; includeInIndex = 0; path = RattleGLS; sourceTree = BUILT_PRODUCTS_DIR; };
		503203DB1AB0A821000DD1FE /* RMXScene.swift */ = {isa = PBXFileReference; lastKnownFileType = sourcecode.swift; name = RMXScene.swift; path = ../RattleGLS/RMXScene.swift; sourceTree = "<group>"; };
		503203E21AB0A8A9000DD1FE /* cStuff.m */ = {isa = PBXFileReference; fileEncoding = 4; lastKnownFileType = sourcecode.c.objc; name = cStuff.m; path = ../RattleGLS/cStuff.m; sourceTree = "<group>"; };
		503203E31AB0A8A9000DD1FE /* cStuff.h */ = {isa = PBXFileReference; fileEncoding = 4; lastKnownFileType = sourcecode.c.h; name = cStuff.h; path = ../RattleGLS/cStuff.h; sourceTree = "<group>"; };
		505DD5A91AAF5B3D008FFB84 /* GLKit.framework */ = {isa = PBXFileReference; lastKnownFileType = wrapper.framework; name = GLKit.framework; path = System/Library/Frameworks/GLKit.framework; sourceTree = SDKROOT; };
		509B6C211ABDE9F900D4AF94 /* RMS SceneKit.app */ = {isa = PBXFileReference; explicitFileType = wrapper.application; includeInIndex = 0; path = "RMS SceneKit.app"; sourceTree = BUILT_PRODUCTS_DIR; };
		509B6C241ABDE9F900D4AF94 /* Info.plist */ = {isa = PBXFileReference; lastKnownFileType = text.plist.xml; path = Info.plist; sourceTree = "<group>"; };
		509B6C251ABDE9F900D4AF94 /* AppDelegate.swift */ = {isa = PBXFileReference; lastKnownFileType = sourcecode.swift; path = AppDelegate.swift; sourceTree = "<group>"; };
		509B6C271ABDE9F900D4AF94 /* GameView.swift */ = {isa = PBXFileReference; lastKnownFileType = sourcecode.swift; path = GameView.swift; sourceTree = "<group>"; };
		509B6C291ABDE9F900D4AF94 /* GameViewController.swift */ = {isa = PBXFileReference; lastKnownFileType = sourcecode.swift; path = GameViewController.swift; sourceTree = "<group>"; };
		509B6C2B1ABDE9F900D4AF94 /* art.scnassets */ = {isa = PBXFileReference; lastKnownFileType = wrapper.scnassets; path = art.scnassets; sourceTree = "<group>"; };
		509B6C2D1ABDE9F900D4AF94 /* Images.xcassets */ = {isa = PBXFileReference; lastKnownFileType = folder.assetcatalog; path = Images.xcassets; sourceTree = "<group>"; };
		509B6C301ABDE9F900D4AF94 /* Base */ = {isa = PBXFileReference; lastKnownFileType = file.xib; name = Base; path = Base.lproj/MainMenu.xib; sourceTree = "<group>"; };
		509B6C361ABDE9F900D4AF94 /* RMS SceneKitTests.xctest */ = {isa = PBXFileReference; explicitFileType = wrapper.cfbundle; includeInIndex = 0; path = "RMS SceneKitTests.xctest"; sourceTree = BUILT_PRODUCTS_DIR; };
		509B6C3B1ABDE9F900D4AF94 /* Info.plist */ = {isa = PBXFileReference; lastKnownFileType = text.plist.xml; path = Info.plist; sourceTree = "<group>"; };
		509B6C3C1ABDE9F900D4AF94 /* RMS_SceneKitTests.swift */ = {isa = PBXFileReference; lastKnownFileType = sourcecode.swift; path = RMS_SceneKitTests.swift; sourceTree = "<group>"; };
		50CB5BA01ABB3F44001C61FF /* rattle1.icns */ = {isa = PBXFileReference; lastKnownFileType = image.icns; path = rattle1.icns; sourceTree = "<group>"; };
		50DA69011AAE1D6F00C81158 /* RMXKeyboardProcessor.h */ = {isa = PBXFileReference; lastKnownFileType = sourcecode.c.h; name = RMXKeyboardProcessor.h; path = "../Objective-C/RMXKeyboardProcessor.h"; sourceTree = "<group>"; };
		50E6B9AE1AAE455600B5F1B3 /* RMXEquations.h */ = {isa = PBXFileReference; fileEncoding = 4; lastKnownFileType = sourcecode.c.h; name = RMXEquations.h; path = "Objective-C/RMXEquations.h"; sourceTree = SOURCE_ROOT; };
		50E6B9AF1AAE455600B5F1B3 /* RMXEquations.m */ = {isa = PBXFileReference; fileEncoding = 4; lastKnownFileType = sourcecode.c.objc; name = RMXEquations.m; path = "Objective-C/RMXEquations.m"; sourceTree = SOURCE_ROOT; };
		50E6B9B01AAE455600B5F1B3 /* RMXMaths.h */ = {isa = PBXFileReference; fileEncoding = 4; lastKnownFileType = sourcecode.c.h; name = RMXMaths.h; path = "Objective-C/RMXMaths.h"; sourceTree = SOURCE_ROOT; };
		50E6B9B11AAE455600B5F1B3 /* RMXMaths.m */ = {isa = PBXFileReference; fileEncoding = 4; lastKnownFileType = sourcecode.c.objc; name = RMXMaths.m; path = "Objective-C/RMXMaths.m"; sourceTree = SOURCE_ROOT; };
		50F885471ABA337C0021B9C8 /* Info.plist */ = {isa = PBXFileReference; fileEncoding = 4; lastKnownFileType = text.plist.xml; name = Info.plist; path = Swift/Info.plist; sourceTree = SOURCE_ROOT; };
		50F885481ABA337C0021B9C8 /* RMSArt.swift */ = {isa = PBXFileReference; fileEncoding = 4; lastKnownFileType = sourcecode.swift; name = RMSArt.swift; path = Swift/RMSArt.swift; sourceTree = SOURCE_ROOT; };
		50F885491ABA337C0021B9C8 /* RMSMaths.swift */ = {isa = PBXFileReference; fileEncoding = 4; lastKnownFileType = sourcecode.swift; name = RMSMaths.swift; path = Swift/RMSMaths.swift; sourceTree = SOURCE_ROOT; };
		50F8854A1ABA337C0021B9C8 /* RMSParticle.swift */ = {isa = PBXFileReference; fileEncoding = 4; lastKnownFileType = sourcecode.swift; name = RMSParticle.swift; path = Swift/RMSParticle.swift; sourceTree = SOURCE_ROOT; };
		50F8854B1ABA337C0021B9C8 /* RMSPhysicsBody.swift */ = {isa = PBXFileReference; fileEncoding = 4; lastKnownFileType = sourcecode.swift; name = RMSPhysicsBody.swift; path = Swift/RMSPhysicsBody.swift; sourceTree = SOURCE_ROOT; };
		50F8854C1ABA337C0021B9C8 /* RMSWorld.swift */ = {isa = PBXFileReference; fileEncoding = 4; lastKnownFileType = sourcecode.swift; name = RMSWorld.swift; path = Swift/RMSWorld.swift; sourceTree = SOURCE_ROOT; };
		50F8854D1ABA337C0021B9C8 /* RMX.swift */ = {isa = PBXFileReference; fileEncoding = 4; lastKnownFileType = sourcecode.swift; name = RMX.swift; path = Swift/RMX.swift; sourceTree = SOURCE_ROOT; };
		50F8854E1ABA337C0021B9C8 /* RMXCamera.swift */ = {isa = PBXFileReference; fileEncoding = 4; lastKnownFileType = sourcecode.swift; name = RMXCamera.swift; path = Swift/RMXCamera.swift; sourceTree = SOURCE_ROOT; };
		50F8854F1ABA337C0021B9C8 /* RMXDebugger.swift */ = {isa = PBXFileReference; fileEncoding = 4; lastKnownFileType = sourcecode.swift; name = RMXDebugger.swift; path = Swift/RMXDebugger.swift; sourceTree = SOURCE_ROOT; };
		50F885501ABA337C0021B9C8 /* RMXGLut.swift */ = {isa = PBXFileReference; fileEncoding = 4; lastKnownFileType = sourcecode.swift; name = RMXGLut.swift; path = Swift/RMXGLut.swift; sourceTree = SOURCE_ROOT; };
		50F885521ABA337C0021B9C8 /* RMXMouse.swift */ = {isa = PBXFileReference; fileEncoding = 4; lastKnownFileType = sourcecode.swift; name = RMXMouse.swift; path = Swift/RMXMouse.swift; sourceTree = SOURCE_ROOT; };
		50F885531ABA337C0021B9C8 /* RMXObject.swift */ = {isa = PBXFileReference; fileEncoding = 4; lastKnownFileType = sourcecode.swift; name = RMXObject.swift; path = Swift/RMXObject.swift; sourceTree = SOURCE_ROOT; };
		50F885551ABA337C0021B9C8 /* RMXPhysics.swift */ = {isa = PBXFileReference; fileEncoding = 4; lastKnownFileType = sourcecode.swift; name = RMXPhysics.swift; path = Swift/RMXPhysics.swift; sourceTree = SOURCE_ROOT; };
		50F885561ABA337C0021B9C8 /* RMXShape.swift */ = {isa = PBXFileReference; fileEncoding = 4; lastKnownFileType = sourcecode.swift; name = RMXShape.swift; path = Swift/RMXShape.swift; sourceTree = SOURCE_ROOT; };
		50F885571ABA337C0021B9C8 /* RMXSpriteActions.swift */ = {isa = PBXFileReference; fileEncoding = 4; lastKnownFileType = sourcecode.swift; name = RMXSpriteActions.swift; path = Swift/RMXSpriteActions.swift; sourceTree = SOURCE_ROOT; };
		50F885691ABA339F0021B9C8 /* run.h */ = {isa = PBXFileReference; fileEncoding = 4; lastKnownFileType = sourcecode.c.h; name = run.h; path = "Objective-C/run.h"; sourceTree = SOURCE_ROOT; };
		50F8856A1ABA339F0021B9C8 /* run.m */ = {isa = PBXFileReference; fileEncoding = 4; lastKnownFileType = sourcecode.c.objc; name = run.m; path = "Objective-C/run.m"; sourceTree = SOURCE_ROOT; };
		50F8856C1ABA33CB0021B9C8 /* RMXShapes.h */ = {isa = PBXFileReference; fileEncoding = 4; lastKnownFileType = sourcecode.c.h; name = RMXShapes.h; path = "Objective-C/RMXShapes.h"; sourceTree = SOURCE_ROOT; };
		50F8856D1ABA33CB0021B9C8 /* RMXShapes.m */ = {isa = PBXFileReference; fileEncoding = 4; lastKnownFileType = sourcecode.c.objc; name = RMXShapes.m; path = "Objective-C/RMXShapes.m"; sourceTree = SOURCE_ROOT; };
		6C7B50701A9E7B2E00B140D7 /* RattleGL */ = {isa = PBXFileReference; explicitFileType = "compiled.mach-o.executable"; includeInIndex = 0; path = RattleGL; sourceTree = BUILT_PRODUCTS_DIR; };
		6C7B50881A9E7B7400B140D7 /* RMXKeyboardProcessor.m */ = {isa = PBXFileReference; fileEncoding = 4; lastKnownFileType = sourcecode.c.objc; name = RMXKeyboardProcessor.m; path = "../Objective-C/RMXKeyboardProcessor.m"; sourceTree = "<group>"; };
		6C7B508C1A9E7B7400B140D7 /* RMXMouseProcessor.m */ = {isa = PBXFileReference; fileEncoding = 4; lastKnownFileType = sourcecode.c.objc; name = RMXMouseProcessor.m; path = "../Objective-C/RMXMouseProcessor.m"; sourceTree = "<group>"; };
		6CCA4F8B1ABFFEC6004D8209 /* RMXViewController.m */ = {isa = PBXFileReference; fileEncoding = 4; lastKnownFileType = sourcecode.c.objc; path = RMXViewController.m; sourceTree = "<group>"; };
		6CCA4F8D1ABFFF51004D8209 /* texture_numbers.png */ = {isa = PBXFileReference; lastKnownFileType = image.png; path = texture_numbers.png; sourceTree = "<group>"; };
		6CF88B2F1ABFE6BE00450039 /* RMX-ES.app */ = {isa = PBXFileReference; explicitFileType = wrapper.application; includeInIndex = 0; path = "RMX-ES.app"; sourceTree = BUILT_PRODUCTS_DIR; };
		6CF88B321ABFE6BE00450039 /* Info.plist */ = {isa = PBXFileReference; lastKnownFileType = text.plist.xml; path = Info.plist; sourceTree = "<group>"; };
		6CF88B331ABFE6BE00450039 /* main.m */ = {isa = PBXFileReference; lastKnownFileType = sourcecode.c.objc; path = main.m; sourceTree = "<group>"; };
		6CF88B351ABFE6BE00450039 /* AppDelegate.h */ = {isa = PBXFileReference; lastKnownFileType = sourcecode.c.h; path = AppDelegate.h; sourceTree = "<group>"; };
		6CF88B361ABFE6BE00450039 /* AppDelegate.m */ = {isa = PBXFileReference; lastKnownFileType = sourcecode.c.objc; path = AppDelegate.m; sourceTree = "<group>"; };
		6CF88B381ABFE6BE00450039 /* Shader.fsh */ = {isa = PBXFileReference; lastKnownFileType = sourcecode.glsl; name = Shader.fsh; path = Shaders/Shader.fsh; sourceTree = "<group>"; };
		6CF88B3A1ABFE6BE00450039 /* Shader.vsh */ = {isa = PBXFileReference; lastKnownFileType = sourcecode.glsl; name = Shader.vsh; path = Shaders/Shader.vsh; sourceTree = "<group>"; };
		6CF88B3C1ABFE6BE00450039 /* GameViewController.h */ = {isa = PBXFileReference; lastKnownFileType = sourcecode.c.h; path = GameViewController.h; sourceTree = "<group>"; };
		6CF88B3D1ABFE6BE00450039 /* GameViewController.m */ = {isa = PBXFileReference; lastKnownFileType = sourcecode.c.objc; path = GameViewController.m; sourceTree = "<group>"; };
		6CF88B401ABFE6BE00450039 /* Base */ = {isa = PBXFileReference; lastKnownFileType = file.storyboard; name = Base; path = Base.lproj/Main.storyboard; sourceTree = "<group>"; };
		6CF88B421ABFE6BE00450039 /* Images.xcassets */ = {isa = PBXFileReference; lastKnownFileType = folder.assetcatalog; path = Images.xcassets; sourceTree = "<group>"; };
		6CF88B451ABFE6BE00450039 /* Base */ = {isa = PBXFileReference; lastKnownFileType = file.xib; name = Base; path = Base.lproj/LaunchScreen.xib; sourceTree = "<group>"; };
		6CF88B4B1ABFE6BE00450039 /* RMX-ESTests.xctest */ = {isa = PBXFileReference; explicitFileType = wrapper.cfbundle; includeInIndex = 0; path = "RMX-ESTests.xctest"; sourceTree = BUILT_PRODUCTS_DIR; };
		6CF88B501ABFE6BE00450039 /* Info.plist */ = {isa = PBXFileReference; lastKnownFileType = text.plist.xml; path = Info.plist; sourceTree = "<group>"; };
		6CF88B511ABFE6BE00450039 /* RMX_ESTests.m */ = {isa = PBXFileReference; lastKnownFileType = sourcecode.c.objc; path = RMX_ESTests.m; sourceTree = "<group>"; };
		6CF88B691ABFE79500450039 /* RMXController.swift */ = {isa = PBXFileReference; fileEncoding = 4; lastKnownFileType = sourcecode.swift; name = RMXController.swift; path = Swift/RMXController.swift; sourceTree = SOURCE_ROOT; };
		6CF88B6F1ABFE87D00450039 /* RMSActionProcessor.swift */ = {isa = PBXFileReference; fileEncoding = 4; lastKnownFileType = sourcecode.swift; name = RMSActionProcessor.swift; path = Swift/RMSActionProcessor.swift; sourceTree = SOURCE_ROOT; };
		6CF88B721ABFE8AB00450039 /* RMSKeys.swift */ = {isa = PBXFileReference; fileEncoding = 4; lastKnownFileType = sourcecode.swift; name = RMSKeys.swift; path = Swift/RMSKeys.swift; sourceTree = SOURCE_ROOT; };
		6CF88B751ABFE8B900450039 /* RMXDPad.swift */ = {isa = PBXFileReference; fileEncoding = 4; lastKnownFileType = sourcecode.swift; name = RMXDPad.swift; path = Swift/RMXDPad.swift; sourceTree = SOURCE_ROOT; };
		6CF88B781ABFE8C400450039 /* RMXDesktopController.swift */ = {isa = PBXFileReference; fileEncoding = 4; lastKnownFileType = sourcecode.swift; name = RMXDesktopController.swift; path = Swift/RMXDesktopController.swift; sourceTree = SOURCE_ROOT; };
		6CF88B821ABFEB7100450039 /* RMXInitialize.swift */ = {isa = PBXFileReference; fileEncoding = 4; lastKnownFileType = sourcecode.swift; path = RMXInitialize.swift; sourceTree = "<group>"; };
		6CF88B851ABFEC4B00450039 /* Geometry.h */ = {isa = PBXFileReference; fileEncoding = 4; lastKnownFileType = sourcecode.c.h; path = Geometry.h; sourceTree = "<group>"; };
		6CF88B861ABFEC4B00450039 /* Geometry.m */ = {isa = PBXFileReference; fileEncoding = 4; lastKnownFileType = sourcecode.c.objc; path = Geometry.m; sourceTree = "<group>"; };
		6CF88B891ABFED7400450039 /* RMXValue.swift */ = {isa = PBXFileReference; fileEncoding = 4; lastKnownFileType = sourcecode.swift; path = RMXValue.swift; sourceTree = "<group>"; };
		6CF88B8C1ABFF02300450039 /* RMXWorld.swift */ = {isa = PBXFileReference; fileEncoding = 4; lastKnownFileType = sourcecode.swift; path = RMXWorld.swift; sourceTree = "<group>"; };
/* End PBXFileReference section */

/* Begin PBXFrameworksBuildPhase section */
		5008DA3A1AB9F34E00565A28 /* Frameworks */ = {
			isa = PBXFrameworksBuildPhase;
			buildActionMask = 2147483647;
			files = (
			);
			runOnlyForDeploymentPostprocessing = 0;
		};
		5008DA521AB9F34E00565A28 /* Frameworks */ = {
			isa = PBXFrameworksBuildPhase;
			buildActionMask = 2147483647;
			files = (
			);
			runOnlyForDeploymentPostprocessing = 0;
		};
		501204071ABA43E500F4C075 /* Frameworks */ = {
			isa = PBXFrameworksBuildPhase;
			buildActionMask = 2147483647;
			files = (
				5012046B1ABA47AA00F4C075 /* GLKit.framework in Frameworks */,
			);
			runOnlyForDeploymentPostprocessing = 0;
		};
		5012041C1ABA43E500F4C075 /* Frameworks */ = {
			isa = PBXFrameworksBuildPhase;
			buildActionMask = 2147483647;
			files = (
			);
			runOnlyForDeploymentPostprocessing = 0;
		};
		5012042E1ABA44C200F4C075 /* Frameworks */ = {
			isa = PBXFrameworksBuildPhase;
			buildActionMask = 2147483647;
			files = (
				50D971941ABA51C400CB7285 /* SceneKit.framework in Frameworks */,
				50D971931ABA51BB00CB7285 /* GLKit.framework in Frameworks */,
			);
			runOnlyForDeploymentPostprocessing = 0;
		};
		5012043F1ABA44C200F4C075 /* Frameworks */ = {
			isa = PBXFrameworksBuildPhase;
			buildActionMask = 2147483647;
			files = (
			);
			runOnlyForDeploymentPostprocessing = 0;
		};
		503203D61AB0A821000DD1FE /* Frameworks */ = {
			isa = PBXFrameworksBuildPhase;
			buildActionMask = 2147483647;
			files = (
			);
			runOnlyForDeploymentPostprocessing = 0;
		};
		509B6C1E1ABDE9F900D4AF94 /* Frameworks */ = {
			isa = PBXFrameworksBuildPhase;
			buildActionMask = 2147483647;
			files = (
			);
			runOnlyForDeploymentPostprocessing = 0;
		};
		509B6C331ABDE9F900D4AF94 /* Frameworks */ = {
			isa = PBXFrameworksBuildPhase;
			buildActionMask = 2147483647;
			files = (
			);
			runOnlyForDeploymentPostprocessing = 0;
		};
		6C7B506D1A9E7B2E00B140D7 /* Frameworks */ = {
			isa = PBXFrameworksBuildPhase;
			buildActionMask = 2147483647;
			files = (
				503203D41AB0A719000DD1FE /* SceneKit.framework in Frameworks */,
				503203D21AB0A4B4000DD1FE /* GLKit.framework in Frameworks */,
			);
			runOnlyForDeploymentPostprocessing = 0;
		};
		6CF88B2C1ABFE6BE00450039 /* Frameworks */ = {
			isa = PBXFrameworksBuildPhase;
			buildActionMask = 2147483647;
			files = (
			);
			runOnlyForDeploymentPostprocessing = 0;
		};
		6CF88B481ABFE6BE00450039 /* Frameworks */ = {
			isa = PBXFrameworksBuildPhase;
			buildActionMask = 2147483647;
			files = (
			);
			runOnlyForDeploymentPostprocessing = 0;
		};
/* End PBXFrameworksBuildPhase section */

/* Begin PBXGroup section */
		501204321ABA44C200F4C075 /* Rattle Physics Beta */ = {
			isa = PBXGroup;
			children = (
				500B6D8F1ABC8D7D001B5811 /* Images.xcassets */,
				5008DAA01AB9FC8D00565A28 /* RMSView.swift */,
				501204351ABA44C200F4C075 /* AppDelegate.swift */,
				501204371ABA44C200F4C075 /* ViewController.swift */,
				5012043B1ABA44C200F4C075 /* Main.storyboard */,
				50CB5BA01ABB3F44001C61FF /* rattle1.icns */,
				501204331ABA44C200F4C075 /* Supporting Files */,
			);
			path = "Rattle Physics Beta";
			sourceTree = "<group>";
		};
		501204331ABA44C200F4C075 /* Supporting Files */ = {
			isa = PBXGroup;
			children = (
				501204341ABA44C200F4C075 /* Info.plist */,
			);
			name = "Supporting Files";
			sourceTree = "<group>";
		};
		501204451ABA44C200F4C075 /* Rattle Physics BetaTests */ = {
			isa = PBXGroup;
			children = (
				501204481ABA44C200F4C075 /* Rattle_Physics_BetaTests.swift */,
				501204461ABA44C200F4C075 /* Supporting Files */,
			);
			path = "Rattle Physics BetaTests";
			sourceTree = "<group>";
		};
		501204461ABA44C200F4C075 /* Supporting Files */ = {
			isa = PBXGroup;
			children = (
				501204471ABA44C200F4C075 /* Info.plist */,
			);
			name = "Supporting Files";
			sourceTree = "<group>";
		};
		503203DA1AB0A821000DD1FE /* RattleGLS */ = {
			isa = PBXGroup;
			children = (
			);
			path = RattleGLS;
			sourceTree = "<group>";
		};
		509B6C221ABDE9F900D4AF94 /* RMS SceneKit */ = {
			isa = PBXGroup;
			children = (
				509B6C251ABDE9F900D4AF94 /* AppDelegate.swift */,
				509B6C271ABDE9F900D4AF94 /* GameView.swift */,
				509B6C291ABDE9F900D4AF94 /* GameViewController.swift */,
				509B6C2B1ABDE9F900D4AF94 /* art.scnassets */,
				509B6C2D1ABDE9F900D4AF94 /* Images.xcassets */,
				509B6C2F1ABDE9F900D4AF94 /* MainMenu.xib */,
				509B6C231ABDE9F900D4AF94 /* Supporting Files */,
			);
			path = "RMS SceneKit";
			sourceTree = "<group>";
		};
		509B6C231ABDE9F900D4AF94 /* Supporting Files */ = {
			isa = PBXGroup;
			children = (
				509B6C241ABDE9F900D4AF94 /* Info.plist */,
			);
			name = "Supporting Files";
			sourceTree = "<group>";
		};
		509B6C391ABDE9F900D4AF94 /* RMS SceneKitTests */ = {
			isa = PBXGroup;
			children = (
				509B6C3C1ABDE9F900D4AF94 /* RMS_SceneKitTests.swift */,
				509B6C3A1ABDE9F900D4AF94 /* Supporting Files */,
			);
			path = "RMS SceneKitTests";
			sourceTree = "<group>";
		};
		509B6C3A1ABDE9F900D4AF94 /* Supporting Files */ = {
			isa = PBXGroup;
			children = (
				509B6C3B1ABDE9F900D4AF94 /* Info.plist */,
			);
			name = "Supporting Files";
			sourceTree = "<group>";
		};
		6C7B50671A9E7B2E00B140D7 = {
			isa = PBXGroup;
			children = (
				503203D31AB0A719000DD1FE /* SceneKit.framework */,
				505DD5A91AAF5B3D008FFB84 /* GLKit.framework */,
				6C7B507F1A9E7B7400B140D7 /* Swift */,
				6C7B507A1A9E7B7400B140D7 /* Objc */,
				503203DA1AB0A821000DD1FE /* RattleGLS */,
				501204321ABA44C200F4C075 /* Rattle Physics Beta */,
				501204451ABA44C200F4C075 /* Rattle Physics BetaTests */,
				509B6C221ABDE9F900D4AF94 /* RMS SceneKit */,
				509B6C391ABDE9F900D4AF94 /* RMS SceneKitTests */,
				6CF88B301ABFE6BE00450039 /* RMX-ES */,
				6CF88B4E1ABFE6BE00450039 /* RMX-ESTests */,
				6C7B50711A9E7B2E00B140D7 /* Products */,
			);
			sourceTree = "<group>";
		};
		6C7B50711A9E7B2E00B140D7 /* Products */ = {
			isa = PBXGroup;
			children = (
				6C7B50701A9E7B2E00B140D7 /* RattleGL */,
				503203D91AB0A821000DD1FE /* RattleGLS */,
				5008DA3D1AB9F34E00565A28 /* RattleGLES.app */,
				5008DA551AB9F34E00565A28 /* RattleGLESTests.xctest */,
				5012040A1ABA43E500F4C075 /* RMXPhysicsBeta.app */,
				5012041F1ABA43E500F4C075 /* RMXPhysicsBetaTests.xctest */,
				501204311ABA44C200F4C075 /* Rattle Physics Beta.app */,
				501204421ABA44C200F4C075 /* Rattle Physics BetaTests.xctest */,
				509B6C211ABDE9F900D4AF94 /* RMS SceneKit.app */,
				509B6C361ABDE9F900D4AF94 /* RMS SceneKitTests.xctest */,
				6CF88B2F1ABFE6BE00450039 /* RMX-ES.app */,
				6CF88B4B1ABFE6BE00450039 /* RMX-ESTests.xctest */,
			);
			name = Products;
			sourceTree = "<group>";
		};
		6C7B507A1A9E7B7400B140D7 /* Objc */ = {
			isa = PBXGroup;
			children = (
				6CF88B851ABFEC4B00450039 /* Geometry.h */,
				6CF88B861ABFEC4B00450039 /* Geometry.m */,
				5012046C1ABA49AD00F4C075 /* RattleGLS-Bridging-Header.h */,
				50F8856C1ABA33CB0021B9C8 /* RMXShapes.h */,
				50F8856D1ABA33CB0021B9C8 /* RMXShapes.m */,
				50F885691ABA339F0021B9C8 /* run.h */,
				50F8856A1ABA339F0021B9C8 /* run.m */,
				50DA69011AAE1D6F00C81158 /* RMXKeyboardProcessor.h */,
				6C7B50881A9E7B7400B140D7 /* RMXKeyboardProcessor.m */,
				50183D421AAE2E8E00FF2A26 /* RMXMouseProcessor.h */,
				6C7B508C1A9E7B7400B140D7 /* RMXMouseProcessor.m */,
				50E6B9AE1AAE455600B5F1B3 /* RMXEquations.h */,
				50E6B9AF1AAE455600B5F1B3 /* RMXEquations.m */,
				50E6B9B01AAE455600B5F1B3 /* RMXMaths.h */,
				50E6B9B11AAE455600B5F1B3 /* RMXMaths.m */,
				503203E31AB0A8A9000DD1FE /* cStuff.h */,
				503203E21AB0A8A9000DD1FE /* cStuff.m */,
			);
			name = Objc;
			path = C;
			sourceTree = SOURCE_ROOT;
		};
		6C7B507F1A9E7B7400B140D7 /* Swift */ = {
			isa = PBXGroup;
			children = (
				50F885471ABA337C0021B9C8 /* Info.plist */,
				6CF88B6F1ABFE87D00450039 /* RMSActionProcessor.swift */,
				50F885481ABA337C0021B9C8 /* RMSArt.swift */,
				50F885491ABA337C0021B9C8 /* RMSMaths.swift */,
				50F8854A1ABA337C0021B9C8 /* RMSParticle.swift */,
				50F8854B1ABA337C0021B9C8 /* RMSPhysicsBody.swift */,
				6CF88B8C1ABFF02300450039 /* RMXWorld.swift */,
				50F8854C1ABA337C0021B9C8 /* RMSWorld.swift */,
				50F8854D1ABA337C0021B9C8 /* RMX.swift */,
				50F8854E1ABA337C0021B9C8 /* RMXCamera.swift */,
				50F8854F1ABA337C0021B9C8 /* RMXDebugger.swift */,
				50F885501ABA337C0021B9C8 /* RMXGLut.swift */,
				50F885521ABA337C0021B9C8 /* RMXMouse.swift */,
				6CF88B781ABFE8C400450039 /* RMXDesktopController.swift */,
				6CF88B721ABFE8AB00450039 /* RMSKeys.swift */,
				6CF88B691ABFE79500450039 /* RMXController.swift */,
				6CF88B891ABFED7400450039 /* RMXValue.swift */,
				6CF88B751ABFE8B900450039 /* RMXDPad.swift */,
				50F885531ABA337C0021B9C8 /* RMXObject.swift */,
				50F885551ABA337C0021B9C8 /* RMXPhysics.swift */,
				50F885561ABA337C0021B9C8 /* RMXShape.swift */,
				50F885571ABA337C0021B9C8 /* RMXSpriteActions.swift */,
				503203DB1AB0A821000DD1FE /* RMXScene.swift */,
				6CF88B821ABFEB7100450039 /* RMXInitialize.swift */,
			);
			name = Swift;
			path = "Objective-C";
			sourceTree = SOURCE_ROOT;
		};
		6CF88B301ABFE6BE00450039 /* RMX-ES */ = {
			isa = PBXGroup;
			children = (
				6CCA4F8D1ABFFF51004D8209 /* texture_numbers.png */,
				6CF88B351ABFE6BE00450039 /* AppDelegate.h */,
				6CF88B361ABFE6BE00450039 /* AppDelegate.m */,
				6CF88B381ABFE6BE00450039 /* Shader.fsh */,
				6CF88B3A1ABFE6BE00450039 /* Shader.vsh */,
				6CF88B3C1ABFE6BE00450039 /* GameViewController.h */,
				6CF88B3D1ABFE6BE00450039 /* GameViewController.m */,
				6CCA4F8B1ABFFEC6004D8209 /* RMXViewController.m */,
				6CF88B3F1ABFE6BE00450039 /* Main.storyboard */,
				6CF88B421ABFE6BE00450039 /* Images.xcassets */,
				6CF88B441ABFE6BE00450039 /* LaunchScreen.xib */,
				6CF88B311ABFE6BE00450039 /* Supporting Files */,
			);
			path = "RMX-ES";
			sourceTree = "<group>";
		};
		6CF88B311ABFE6BE00450039 /* Supporting Files */ = {
			isa = PBXGroup;
			children = (
				6CF88B321ABFE6BE00450039 /* Info.plist */,
				6CF88B331ABFE6BE00450039 /* main.m */,
			);
			name = "Supporting Files";
			sourceTree = "<group>";
		};
		6CF88B4E1ABFE6BE00450039 /* RMX-ESTests */ = {
			isa = PBXGroup;
			children = (
				6CF88B511ABFE6BE00450039 /* RMX_ESTests.m */,
				6CF88B4F1ABFE6BE00450039 /* Supporting Files */,
			);
			path = "RMX-ESTests";
			sourceTree = "<group>";
		};
		6CF88B4F1ABFE6BE00450039 /* Supporting Files */ = {
			isa = PBXGroup;
			children = (
				6CF88B501ABFE6BE00450039 /* Info.plist */,
			);
			name = "Supporting Files";
			sourceTree = "<group>";
		};
/* End PBXGroup section */

/* Begin PBXNativeTarget section */
		5008DA3C1AB9F34E00565A28 /* RattleGLES */ = {
			isa = PBXNativeTarget;
			buildConfigurationList = 5008DA5D1AB9F34E00565A28 /* Build configuration list for PBXNativeTarget "RattleGLES" */;
			buildPhases = (
				5008DA391AB9F34E00565A28 /* Sources */,
				5008DA3A1AB9F34E00565A28 /* Frameworks */,
				5008DA3B1AB9F34E00565A28 /* Resources */,
			);
			buildRules = (
			);
			dependencies = (
			);
			name = RattleGLES;
			productName = RattleGLES;
			productReference = 5008DA3D1AB9F34E00565A28 /* RattleGLES.app */;
			productType = "com.apple.product-type.application";
		};
		5008DA541AB9F34E00565A28 /* RattleGLESTests */ = {
			isa = PBXNativeTarget;
			buildConfigurationList = 5008DA601AB9F34E00565A28 /* Build configuration list for PBXNativeTarget "RattleGLESTests" */;
			buildPhases = (
				5008DA511AB9F34E00565A28 /* Sources */,
				5008DA521AB9F34E00565A28 /* Frameworks */,
				5008DA531AB9F34E00565A28 /* Resources */,
			);
			buildRules = (
			);
			dependencies = (
				5008DA571AB9F34E00565A28 /* PBXTargetDependency */,
			);
			name = RattleGLESTests;
			productName = RattleGLESTests;
			productReference = 5008DA551AB9F34E00565A28 /* RattleGLESTests.xctest */;
			productType = "com.apple.product-type.bundle.unit-test";
		};
		501204091ABA43E500F4C075 /* RMXPhysicsBeta */ = {
			isa = PBXNativeTarget;
			buildConfigurationList = 501204271ABA43E500F4C075 /* Build configuration list for PBXNativeTarget "RMXPhysicsBeta" */;
			buildPhases = (
				501204061ABA43E500F4C075 /* Sources */,
				501204071ABA43E500F4C075 /* Frameworks */,
				501204081ABA43E500F4C075 /* Resources */,
			);
			buildRules = (
			);
			dependencies = (
			);
			name = RMXPhysicsBeta;
			productName = RMXPhysicsBeta;
			productReference = 5012040A1ABA43E500F4C075 /* RMXPhysicsBeta.app */;
			productType = "com.apple.product-type.application";
		};
		5012041E1ABA43E500F4C075 /* RMXPhysicsBetaTests */ = {
			isa = PBXNativeTarget;
			buildConfigurationList = 5012042A1ABA43E500F4C075 /* Build configuration list for PBXNativeTarget "RMXPhysicsBetaTests" */;
			buildPhases = (
				5012041B1ABA43E500F4C075 /* Sources */,
				5012041C1ABA43E500F4C075 /* Frameworks */,
				5012041D1ABA43E500F4C075 /* Resources */,
			);
			buildRules = (
			);
			dependencies = (
				501204211ABA43E500F4C075 /* PBXTargetDependency */,
			);
			name = RMXPhysicsBetaTests;
			productName = RMXPhysicsBetaTests;
			productReference = 5012041F1ABA43E500F4C075 /* RMXPhysicsBetaTests.xctest */;
			productType = "com.apple.product-type.bundle.unit-test";
		};
		501204301ABA44C200F4C075 /* Rattle Physics Beta */ = {
			isa = PBXNativeTarget;
			buildConfigurationList = 5012044A1ABA44C200F4C075 /* Build configuration list for PBXNativeTarget "Rattle Physics Beta" */;
			buildPhases = (
				5012042D1ABA44C200F4C075 /* Sources */,
				5012042E1ABA44C200F4C075 /* Frameworks */,
				5012042F1ABA44C200F4C075 /* Resources */,
			);
			buildRules = (
			);
			dependencies = (
			);
			name = "Rattle Physics Beta";
			productName = "Rattle Physics Beta";
			productReference = 501204311ABA44C200F4C075 /* Rattle Physics Beta.app */;
			productType = "com.apple.product-type.application";
		};
		501204411ABA44C200F4C075 /* Rattle Physics BetaTests */ = {
			isa = PBXNativeTarget;
			buildConfigurationList = 5012044D1ABA44C200F4C075 /* Build configuration list for PBXNativeTarget "Rattle Physics BetaTests" */;
			buildPhases = (
				5012043E1ABA44C200F4C075 /* Sources */,
				5012043F1ABA44C200F4C075 /* Frameworks */,
				501204401ABA44C200F4C075 /* Resources */,
			);
			buildRules = (
			);
			dependencies = (
				501204441ABA44C200F4C075 /* PBXTargetDependency */,
			);
			name = "Rattle Physics BetaTests";
			productName = "Rattle Physics BetaTests";
			productReference = 501204421ABA44C200F4C075 /* Rattle Physics BetaTests.xctest */;
			productType = "com.apple.product-type.bundle.unit-test";
		};
		503203D81AB0A821000DD1FE /* RattleGLS */ = {
			isa = PBXNativeTarget;
			buildConfigurationList = 503203DD1AB0A821000DD1FE /* Build configuration list for PBXNativeTarget "RattleGLS" */;
			buildPhases = (
				503203D51AB0A821000DD1FE /* Sources */,
				503203D61AB0A821000DD1FE /* Frameworks */,
				503203D71AB0A821000DD1FE /* CopyFiles */,
			);
			buildRules = (
			);
			dependencies = (
			);
			name = RattleGLS;
			productName = RattleGLS;
			productReference = 503203D91AB0A821000DD1FE /* RattleGLS */;
			productType = "com.apple.product-type.tool";
		};
		509B6C201ABDE9F900D4AF94 /* RMS SceneKit */ = {
			isa = PBXNativeTarget;
			buildConfigurationList = 509B6C421ABDE9F900D4AF94 /* Build configuration list for PBXNativeTarget "RMS SceneKit" */;
			buildPhases = (
				509B6C1D1ABDE9F900D4AF94 /* Sources */,
				509B6C1E1ABDE9F900D4AF94 /* Frameworks */,
				509B6C1F1ABDE9F900D4AF94 /* Resources */,
			);
			buildRules = (
			);
			dependencies = (
			);
			name = "RMS SceneKit";
			productName = "RMS SceneKit";
			productReference = 509B6C211ABDE9F900D4AF94 /* RMS SceneKit.app */;
			productType = "com.apple.product-type.application";
		};
		509B6C351ABDE9F900D4AF94 /* RMS SceneKitTests */ = {
			isa = PBXNativeTarget;
			buildConfigurationList = 509B6C431ABDE9F900D4AF94 /* Build configuration list for PBXNativeTarget "RMS SceneKitTests" */;
			buildPhases = (
				509B6C321ABDE9F900D4AF94 /* Sources */,
				509B6C331ABDE9F900D4AF94 /* Frameworks */,
				509B6C341ABDE9F900D4AF94 /* Resources */,
			);
			buildRules = (
			);
			dependencies = (
				509B6C381ABDE9F900D4AF94 /* PBXTargetDependency */,
			);
			name = "RMS SceneKitTests";
			productName = "RMS SceneKitTests";
			productReference = 509B6C361ABDE9F900D4AF94 /* RMS SceneKitTests.xctest */;
			productType = "com.apple.product-type.bundle.unit-test";
		};
		6C7B506F1A9E7B2E00B140D7 /* RattleGL */ = {
			isa = PBXNativeTarget;
			buildConfigurationList = 6C7B50771A9E7B2E00B140D7 /* Build configuration list for PBXNativeTarget "RattleGL" */;
			buildPhases = (
				6C7B506C1A9E7B2E00B140D7 /* Sources */,
				6C7B506D1A9E7B2E00B140D7 /* Frameworks */,
				6C7B506E1A9E7B2E00B140D7 /* CopyFiles */,
			);
			buildRules = (
			);
			dependencies = (
			);
			name = RattleGL;
			productName = RattleGL3.0;
			productReference = 6C7B50701A9E7B2E00B140D7 /* RattleGL */;
			productType = "com.apple.product-type.tool";
		};
		6CF88B2E1ABFE6BE00450039 /* RMX-ES */ = {
			isa = PBXNativeTarget;
			buildConfigurationList = 6CF88B571ABFE6BE00450039 /* Build configuration list for PBXNativeTarget "RMX-ES" */;
			buildPhases = (
				6CF88B2B1ABFE6BE00450039 /* Sources */,
				6CF88B2C1ABFE6BE00450039 /* Frameworks */,
				6CF88B2D1ABFE6BE00450039 /* Resources */,
			);
			buildRules = (
			);
			dependencies = (
			);
			name = "RMX-ES";
			productName = "RMX-ES";
			productReference = 6CF88B2F1ABFE6BE00450039 /* RMX-ES.app */;
			productType = "com.apple.product-type.application";
		};
		6CF88B4A1ABFE6BE00450039 /* RMX-ESTests */ = {
			isa = PBXNativeTarget;
			buildConfigurationList = 6CF88B581ABFE6BE00450039 /* Build configuration list for PBXNativeTarget "RMX-ESTests" */;
			buildPhases = (
				6CF88B471ABFE6BE00450039 /* Sources */,
				6CF88B481ABFE6BE00450039 /* Frameworks */,
				6CF88B491ABFE6BE00450039 /* Resources */,
			);
			buildRules = (
			);
			dependencies = (
				6CF88B4D1ABFE6BE00450039 /* PBXTargetDependency */,
			);
			name = "RMX-ESTests";
			productName = "RMX-ESTests";
			productReference = 6CF88B4B1ABFE6BE00450039 /* RMX-ESTests.xctest */;
			productType = "com.apple.product-type.bundle.unit-test";
		};
/* End PBXNativeTarget section */

/* Begin PBXProject section */
		6C7B50681A9E7B2E00B140D7 /* Project object */ = {
			isa = PBXProject;
			attributes = {
				LastUpgradeCheck = 0610;
				ORGANIZATIONNAME = "Rattle Media";
				TargetAttributes = {
					5008DA3C1AB9F34E00565A28 = {
						CreatedOnToolsVersion = 6.3;
					};
					5008DA541AB9F34E00565A28 = {
						CreatedOnToolsVersion = 6.3;
						TestTargetID = 5008DA3C1AB9F34E00565A28;
					};
					501204091ABA43E500F4C075 = {
						CreatedOnToolsVersion = 6.3;
					};
					5012041E1ABA43E500F4C075 = {
						CreatedOnToolsVersion = 6.3;
						TestTargetID = 501204091ABA43E500F4C075;
					};
					501204301ABA44C200F4C075 = {
						CreatedOnToolsVersion = 6.3;
						DevelopmentTeam = 668T39KN4E;
					};
					501204411ABA44C200F4C075 = {
						CreatedOnToolsVersion = 6.3;
						TestTargetID = 501204301ABA44C200F4C075;
					};
					503203D81AB0A821000DD1FE = {
						CreatedOnToolsVersion = 6.3;
					};
					509B6C201ABDE9F900D4AF94 = {
						CreatedOnToolsVersion = 6.3;
					};
					509B6C351ABDE9F900D4AF94 = {
						CreatedOnToolsVersion = 6.3;
						TestTargetID = 509B6C201ABDE9F900D4AF94;
					};
					6C7B506F1A9E7B2E00B140D7 = {
						CreatedOnToolsVersion = 6.1.1;
					};
					6CF88B2E1ABFE6BE00450039 = {
						CreatedOnToolsVersion = 6.3;
					};
					6CF88B4A1ABFE6BE00450039 = {
						CreatedOnToolsVersion = 6.3;
						TestTargetID = 6CF88B2E1ABFE6BE00450039;
					};
				};
			};
			buildConfigurationList = 6C7B506B1A9E7B2E00B140D7 /* Build configuration list for PBXProject "RattleGL" */;
			compatibilityVersion = "Xcode 3.2";
			developmentRegion = English;
			hasScannedForEncodings = 0;
			knownRegions = (
				en,
				Base,
			);
			mainGroup = 6C7B50671A9E7B2E00B140D7;
			productRefGroup = 6C7B50711A9E7B2E00B140D7 /* Products */;
			projectDirPath = "";
			projectRoot = "";
			targets = (
				6C7B506F1A9E7B2E00B140D7 /* RattleGL */,
				503203D81AB0A821000DD1FE /* RattleGLS */,
				5008DA3C1AB9F34E00565A28 /* RattleGLES */,
				5008DA541AB9F34E00565A28 /* RattleGLESTests */,
				501204091ABA43E500F4C075 /* RMXPhysicsBeta */,
				5012041E1ABA43E500F4C075 /* RMXPhysicsBetaTests */,
				501204301ABA44C200F4C075 /* Rattle Physics Beta */,
				501204411ABA44C200F4C075 /* Rattle Physics BetaTests */,
				509B6C201ABDE9F900D4AF94 /* RMS SceneKit */,
				509B6C351ABDE9F900D4AF94 /* RMS SceneKitTests */,
				6CF88B2E1ABFE6BE00450039 /* RMX-ES */,
				6CF88B4A1ABFE6BE00450039 /* RMX-ESTests */,
			);
		};
/* End PBXProject section */

/* Begin PBXResourcesBuildPhase section */
		5008DA3B1AB9F34E00565A28 /* Resources */ = {
			isa = PBXResourcesBuildPhase;
			buildActionMask = 2147483647;
			files = (
			);
			runOnlyForDeploymentPostprocessing = 0;
		};
		5008DA531AB9F34E00565A28 /* Resources */ = {
			isa = PBXResourcesBuildPhase;
			buildActionMask = 2147483647;
			files = (
			);
			runOnlyForDeploymentPostprocessing = 0;
		};
		501204081ABA43E500F4C075 /* Resources */ = {
			isa = PBXResourcesBuildPhase;
			buildActionMask = 2147483647;
			files = (
			);
			runOnlyForDeploymentPostprocessing = 0;
		};
		5012041D1ABA43E500F4C075 /* Resources */ = {
			isa = PBXResourcesBuildPhase;
			buildActionMask = 2147483647;
			files = (
			);
			runOnlyForDeploymentPostprocessing = 0;
		};
		5012042F1ABA44C200F4C075 /* Resources */ = {
			isa = PBXResourcesBuildPhase;
			buildActionMask = 2147483647;
			files = (
				50CB5BA11ABB3F44001C61FF /* rattle1.icns in Resources */,
				500B6D901ABC8D7D001B5811 /* Images.xcassets in Resources */,
				5012043D1ABA44C200F4C075 /* Main.storyboard in Resources */,
			);
			runOnlyForDeploymentPostprocessing = 0;
		};
		501204401ABA44C200F4C075 /* Resources */ = {
			isa = PBXResourcesBuildPhase;
			buildActionMask = 2147483647;
			files = (
			);
			runOnlyForDeploymentPostprocessing = 0;
		};
		509B6C1F1ABDE9F900D4AF94 /* Resources */ = {
			isa = PBXResourcesBuildPhase;
			buildActionMask = 2147483647;
			files = (
				509B6C2C1ABDE9F900D4AF94 /* art.scnassets in Resources */,
				509B6C2E1ABDE9F900D4AF94 /* Images.xcassets in Resources */,
				509B6C311ABDE9F900D4AF94 /* MainMenu.xib in Resources */,
			);
			runOnlyForDeploymentPostprocessing = 0;
		};
		509B6C341ABDE9F900D4AF94 /* Resources */ = {
			isa = PBXResourcesBuildPhase;
			buildActionMask = 2147483647;
			files = (
			);
			runOnlyForDeploymentPostprocessing = 0;
		};
		6CF88B2D1ABFE6BE00450039 /* Resources */ = {
			isa = PBXResourcesBuildPhase;
			buildActionMask = 2147483647;
			files = (
				6CCA4F8E1ABFFF51004D8209 /* texture_numbers.png in Resources */,
				6CF88B461ABFE6BE00450039 /* LaunchScreen.xib in Resources */,
				6CF88B411ABFE6BE00450039 /* Main.storyboard in Resources */,
				6CF88B431ABFE6BE00450039 /* Images.xcassets in Resources */,
				6CF88B3B1ABFE6BE00450039 /* Shader.vsh in Resources */,
				6CF88B391ABFE6BE00450039 /* Shader.fsh in Resources */,
			);
			runOnlyForDeploymentPostprocessing = 0;
		};
		6CF88B491ABFE6BE00450039 /* Resources */ = {
			isa = PBXResourcesBuildPhase;
			buildActionMask = 2147483647;
			files = (
			);
			runOnlyForDeploymentPostprocessing = 0;
		};
/* End PBXResourcesBuildPhase section */

/* Begin PBXSourcesBuildPhase section */
		5008DA391AB9F34E00565A28 /* Sources */ = {
			isa = PBXSourcesBuildPhase;
			buildActionMask = 2147483647;
			files = (
			);
			runOnlyForDeploymentPostprocessing = 0;
		};
		5008DA511AB9F34E00565A28 /* Sources */ = {
			isa = PBXSourcesBuildPhase;
			buildActionMask = 2147483647;
			files = (
			);
			runOnlyForDeploymentPostprocessing = 0;
		};
		501204061ABA43E500F4C075 /* Sources */ = {
			isa = PBXSourcesBuildPhase;
			buildActionMask = 2147483647;
			files = (
			);
			runOnlyForDeploymentPostprocessing = 0;
		};
		5012041B1ABA43E500F4C075 /* Sources */ = {
			isa = PBXSourcesBuildPhase;
			buildActionMask = 2147483647;
			files = (
			);
			runOnlyForDeploymentPostprocessing = 0;
		};
		5012042D1ABA44C200F4C075 /* Sources */ = {
			isa = PBXSourcesBuildPhase;
			buildActionMask = 2147483647;
			files = (
				50A07A8B1ABDB2F500509334 /* ViewController.swift in Sources */,
				501204581ABA451400F4C075 /* RMSMaths.swift in Sources */,
				5012045B1ABA451400F4C075 /* RMSWorld.swift in Sources */,
				501204531ABA450800F4C075 /* RMXMouseProcessor.m in Sources */,
				501204551ABA450800F4C075 /* RMXMaths.m in Sources */,
				501204621ABA451400F4C075 /* RMXPhysics.swift in Sources */,
				50A07A8D1ABDB38000509334 /* AppDelegate.swift in Sources */,
				501204631ABA451400F4C075 /* RMXShape.swift in Sources */,
				501204571ABA451400F4C075 /* RMSArt.swift in Sources */,
				501204541ABA450800F4C075 /* RMXEquations.m in Sources */,
				501204601ABA451400F4C075 /* RMXMouse.swift in Sources */,
				501204611ABA451400F4C075 /* RMXObject.swift in Sources */,
				501204511ABA450800F4C075 /* run.m in Sources */,
				501204501ABA450800F4C075 /* RMXShapes.m in Sources */,
				501204521ABA450800F4C075 /* RMXKeyboardProcessor.m in Sources */,
				5012045D1ABA451400F4C075 /* RMXCamera.swift in Sources */,
				5012045A1ABA451400F4C075 /* RMSPhysicsBody.swift in Sources */,
				501204561ABA450800F4C075 /* cStuff.m in Sources */,
				501204641ABA451400F4C075 /* RMXSpriteActions.swift in Sources */,
				5012045F1ABA451400F4C075 /* RMXGLut.swift in Sources */,
				501204591ABA451400F4C075 /* RMSParticle.swift in Sources */,
				50A07A8E1ABDBD7D00509334 /* RMSView.swift in Sources */,
				5012045C1ABA451400F4C075 /* RMX.swift in Sources */,
				5012045E1ABA451400F4C075 /* RMXDebugger.swift in Sources */,
			);
			runOnlyForDeploymentPostprocessing = 0;
		};
		5012043E1ABA44C200F4C075 /* Sources */ = {
			isa = PBXSourcesBuildPhase;
			buildActionMask = 2147483647;
			files = (
				501204491ABA44C200F4C075 /* Rattle_Physics_BetaTests.swift in Sources */,
			);
			runOnlyForDeploymentPostprocessing = 0;
		};
		503203D51AB0A821000DD1FE /* Sources */ = {
			isa = PBXSourcesBuildPhase;
			buildActionMask = 2147483647;
			files = (
				50F8855A1ABA337C0021B9C8 /* RMSMaths.swift in Sources */,
				50F8856B1ABA339F0021B9C8 /* run.m in Sources */,
				50F885601ABA337C0021B9C8 /* RMXDebugger.swift in Sources */,
				50F8855E1ABA337C0021B9C8 /* RMX.swift in Sources */,
				50F885681ABA337C0021B9C8 /* RMXSpriteActions.swift in Sources */,
				50F8855C1ABA337C0021B9C8 /* RMSPhysicsBody.swift in Sources */,
				505DC5A61AB0A920006CC4A9 /* RMXEquations.m in Sources */,
				50F885671ABA337C0021B9C8 /* RMXShape.swift in Sources */,
				50F8855D1ABA337C0021B9C8 /* RMSWorld.swift in Sources */,
				505DC5A01AB0A907006CC4A9 /* RMXKeyboardProcessor.m in Sources */,
				505DC59D1AB0A8FE006CC4A9 /* RMXMouseProcessor.m in Sources */,
				50F885661ABA337C0021B9C8 /* RMXPhysics.swift in Sources */,
				50F8856E1ABA33CB0021B9C8 /* RMXShapes.m in Sources */,
				503203DC1AB0A821000DD1FE /* RMXScene.swift in Sources */,
				50F885591ABA337C0021B9C8 /* RMSArt.swift in Sources */,
				50F8855F1ABA337C0021B9C8 /* RMXCamera.swift in Sources */,
				50F885631ABA337C0021B9C8 /* RMXMouse.swift in Sources */,
				50F885641ABA337C0021B9C8 /* RMXObject.swift in Sources */,
				503203E41AB0A8A9000DD1FE /* cStuff.m in Sources */,
				50F885611ABA337C0021B9C8 /* RMXGLut.swift in Sources */,
				505DC5A71AB0A920006CC4A9 /* RMXMaths.m in Sources */,
				50F8855B1ABA337C0021B9C8 /* RMSParticle.swift in Sources */,
			);
			runOnlyForDeploymentPostprocessing = 0;
		};
		509B6C1D1ABDE9F900D4AF94 /* Sources */ = {
			isa = PBXSourcesBuildPhase;
			buildActionMask = 2147483647;
			files = (
				509B6C4E1ABDEA3300D4AF94 /* RMXObject.swift in Sources */,
				509B6C501ABDEA3300D4AF94 /* RMXShape.swift in Sources */,
				509B6C451ABDEA3300D4AF94 /* RMSMaths.swift in Sources */,
				509B6C471ABDEA3300D4AF94 /* RMSPhysicsBody.swift in Sources */,
				509B6C4A1ABDEA3300D4AF94 /* RMXCamera.swift in Sources */,
				509B6C4D1ABDEA3300D4AF94 /* RMXMouse.swift in Sources */,
				509B6C581ABDED6D00D4AF94 /* RMXMouseProcessor.m in Sources */,
				509B6C571ABDED6D00D4AF94 /* RMXKeyboardProcessor.m in Sources */,
				509B6C441ABDEA3300D4AF94 /* RMSArt.swift in Sources */,
				509B6C481ABDEA3300D4AF94 /* RMSWorld.swift in Sources */,
				509B6C531ABDEB2500D4AF94 /* RMXEquations.m in Sources */,
				509B6C4F1ABDEA3300D4AF94 /* RMXPhysics.swift in Sources */,
				509B6C551ABDEB2500D4AF94 /* cStuff.m in Sources */,
				509B6C561ABDED5D00D4AF94 /* run.m in Sources */,
				509B6C281ABDE9F900D4AF94 /* GameView.swift in Sources */,
				509B6C2A1ABDE9F900D4AF94 /* GameViewController.swift in Sources */,
				509B6C511ABDEA3300D4AF94 /* RMXSpriteActions.swift in Sources */,
				509B6C5C1ABDF43200D4AF94 /* RMXScene.swift in Sources */,
				509B6C4C1ABDEA3300D4AF94 /* RMXGLut.swift in Sources */,
				509B6C521ABDEB2500D4AF94 /* RMXShapes.m in Sources */,
				509B6C461ABDEA3300D4AF94 /* RMSParticle.swift in Sources */,
				509B6C4B1ABDEA3300D4AF94 /* RMXDebugger.swift in Sources */,
				509B6C541ABDEB2500D4AF94 /* RMXMaths.m in Sources */,
				509B6C261ABDE9F900D4AF94 /* AppDelegate.swift in Sources */,
				509B6C491ABDEA3300D4AF94 /* RMX.swift in Sources */,
			);
			runOnlyForDeploymentPostprocessing = 0;
		};
		509B6C321ABDE9F900D4AF94 /* Sources */ = {
			isa = PBXSourcesBuildPhase;
			buildActionMask = 2147483647;
			files = (
				509B6C3D1ABDE9F900D4AF94 /* RMS_SceneKitTests.swift in Sources */,
			);
			runOnlyForDeploymentPostprocessing = 0;
		};
		6C7B506C1A9E7B2E00B140D7 /* Sources */ = {
			isa = PBXSourcesBuildPhase;
			buildActionMask = 2147483647;
			files = (
				6CF88B871ABFEC4B00450039 /* Geometry.m in Sources */,
				6CF88B831ABFEB7100450039 /* RMXInitialize.swift in Sources */,
				6CF88B8D1ABFF02300450039 /* RMXWorld.swift in Sources */,
				6CF88B761ABFE8B900450039 /* RMXDPad.swift in Sources */,
				50183D411AAE2E8900FF2A26 /* RMXMouseProcessor.m in Sources */,
				6CF88B731ABFE8AB00450039 /* RMSKeys.swift in Sources */,
				50E6B9B31AAE455600B5F1B3 /* RMXMaths.m in Sources */,
				6CF88B701ABFE87D00450039 /* RMSActionProcessor.swift in Sources */,
				6CF88B8A1ABFED7400450039 /* RMXValue.swift in Sources */,
				50E6B9B21AAE455600B5F1B3 /* RMXEquations.m in Sources */,
				508AB5D71AB7B4D200B95AF8 /* RMXKeyboardProcessor.m in Sources */,
			);
			runOnlyForDeploymentPostprocessing = 0;
		};
		6CF88B2B1ABFE6BE00450039 /* Sources */ = {
			isa = PBXSourcesBuildPhase;
			buildActionMask = 2147483647;
			files = (
				6CF88B5A1ABFE72B00450039 /* RMSMaths.swift in Sources */,
				6CF88B7F1ABFE92D00450039 /* RMXEquations.m in Sources */,
				6CF88B5C1ABFE72B00450039 /* RMSPhysicsBody.swift in Sources */,
				6CCA4F891ABFFD61004D8209 /* RMXMouse.swift in Sources */,
				6CF88B5F1ABFE72B00450039 /* RMXCamera.swift in Sources */,
				6CF88B8E1ABFF02300450039 /* RMXWorld.swift in Sources */,
				6CF88B651ABFE72B00450039 /* RMXPhysics.swift in Sources */,
				6CF88B591ABFE72B00450039 /* RMSArt.swift in Sources */,
				6CF88B801ABFE92D00450039 /* RMXMaths.m in Sources */,
				6CF88B5D1ABFE72B00450039 /* RMSWorld.swift in Sources */,
				6CF88B741ABFE8AB00450039 /* RMSKeys.swift in Sources */,
				6CF88B881ABFEC4B00450039 /* Geometry.m in Sources */,
				6CF88B371ABFE6BE00450039 /* AppDelegate.m in Sources */,
				6CF88B641ABFE72B00450039 /* RMXObject.swift in Sources */,
				6CCA4F8C1ABFFEC6004D8209 /* RMXViewController.m in Sources */,
				6CCA4F881ABFF64B004D8209 /* RMXController.swift in Sources */,
				6CF88B661ABFE72B00450039 /* RMXShape.swift in Sources */,
				6CF88B8B1ABFED7400450039 /* RMXValue.swift in Sources */,
				6CF88B5B1ABFE72B00450039 /* RMSParticle.swift in Sources */,
				6CF88B711ABFE87D00450039 /* RMSActionProcessor.swift in Sources */,
				6CF88B601ABFE72B00450039 /* RMXDebugger.swift in Sources */,
				6CF88B841ABFEB7100450039 /* RMXInitialize.swift in Sources */,
				6CF88B771ABFE8B900450039 /* RMXDPad.swift in Sources */,
				6CF88B341ABFE6BE00450039 /* main.m in Sources */,
				6CF88B671ABFE72B00450039 /* RMXSpriteActions.swift in Sources */,
				6CCA4F8A1ABFFD83004D8209 /* cStuff.m in Sources */,
				6CF88B5E1ABFE72B00450039 /* RMX.swift in Sources */,
			);
			runOnlyForDeploymentPostprocessing = 0;
		};
		6CF88B471ABFE6BE00450039 /* Sources */ = {
			isa = PBXSourcesBuildPhase;
			buildActionMask = 2147483647;
			files = (
				6CF88B521ABFE6BE00450039 /* RMX_ESTests.m in Sources */,
			);
			runOnlyForDeploymentPostprocessing = 0;
		};
/* End PBXSourcesBuildPhase section */

/* Begin PBXTargetDependency section */
		5008DA571AB9F34E00565A28 /* PBXTargetDependency */ = {
			isa = PBXTargetDependency;
			target = 5008DA3C1AB9F34E00565A28 /* RattleGLES */;
			targetProxy = 5008DA561AB9F34E00565A28 /* PBXContainerItemProxy */;
		};
		501204211ABA43E500F4C075 /* PBXTargetDependency */ = {
			isa = PBXTargetDependency;
			target = 501204091ABA43E500F4C075 /* RMXPhysicsBeta */;
			targetProxy = 501204201ABA43E500F4C075 /* PBXContainerItemProxy */;
		};
		501204441ABA44C200F4C075 /* PBXTargetDependency */ = {
			isa = PBXTargetDependency;
			target = 501204301ABA44C200F4C075 /* Rattle Physics Beta */;
			targetProxy = 501204431ABA44C200F4C075 /* PBXContainerItemProxy */;
		};
		509B6C381ABDE9F900D4AF94 /* PBXTargetDependency */ = {
			isa = PBXTargetDependency;
			target = 509B6C201ABDE9F900D4AF94 /* RMS SceneKit */;
			targetProxy = 509B6C371ABDE9F900D4AF94 /* PBXContainerItemProxy */;
		};
		6CF88B4D1ABFE6BE00450039 /* PBXTargetDependency */ = {
			isa = PBXTargetDependency;
			target = 6CF88B2E1ABFE6BE00450039 /* RMX-ES */;
			targetProxy = 6CF88B4C1ABFE6BE00450039 /* PBXContainerItemProxy */;
		};
/* End PBXTargetDependency section */

/* Begin PBXVariantGroup section */
		5012043B1ABA44C200F4C075 /* Main.storyboard */ = {
			isa = PBXVariantGroup;
			children = (
				5012043C1ABA44C200F4C075 /* Base */,
			);
			name = Main.storyboard;
			sourceTree = "<group>";
		};
		509B6C2F1ABDE9F900D4AF94 /* MainMenu.xib */ = {
			isa = PBXVariantGroup;
			children = (
				509B6C301ABDE9F900D4AF94 /* Base */,
			);
			name = MainMenu.xib;
			sourceTree = "<group>";
		};
		6CF88B3F1ABFE6BE00450039 /* Main.storyboard */ = {
			isa = PBXVariantGroup;
			children = (
				6CF88B401ABFE6BE00450039 /* Base */,
			);
			name = Main.storyboard;
			sourceTree = "<group>";
		};
		6CF88B441ABFE6BE00450039 /* LaunchScreen.xib */ = {
			isa = PBXVariantGroup;
			children = (
				6CF88B451ABFE6BE00450039 /* Base */,
			);
			name = LaunchScreen.xib;
			sourceTree = "<group>";
		};
/* End PBXVariantGroup section */

/* Begin XCBuildConfiguration section */
		5008DA5E1AB9F34E00565A28 /* Debug */ = {
			isa = XCBuildConfiguration;
			buildSettings = {
				ASSETCATALOG_COMPILER_APPICON_NAME = AppIcon;
				"CODE_SIGN_IDENTITY[sdk=iphoneos*]" = "iPhone Developer";
				DEBUG_INFORMATION_FORMAT = dwarf;
				GCC_NO_COMMON_BLOCKS = YES;
				GCC_PREPROCESSOR_DEFINITIONS = (
					"DEBUG=1",
					"$(inherited)",
				);
				INFOPLIST_FILE = RattleGLES/Info.plist;
				IPHONEOS_DEPLOYMENT_TARGET = 8.3;
				LD_RUNPATH_SEARCH_PATHS = "$(inherited) @executable_path/Frameworks";
				PRODUCT_NAME = "$(TARGET_NAME)";
				SDKROOT = iphoneos;
				SWIFT_OPTIMIZATION_LEVEL = "-Onone";
				TARGETED_DEVICE_FAMILY = "1,2";
			};
			name = Debug;
		};
		5008DA5F1AB9F34E00565A28 /* Release */ = {
			isa = XCBuildConfiguration;
			buildSettings = {
				ASSETCATALOG_COMPILER_APPICON_NAME = AppIcon;
				"CODE_SIGN_IDENTITY[sdk=iphoneos*]" = "iPhone Developer";
				COPY_PHASE_STRIP = NO;
				GCC_NO_COMMON_BLOCKS = YES;
				INFOPLIST_FILE = RattleGLES/Info.plist;
				IPHONEOS_DEPLOYMENT_TARGET = 8.3;
				LD_RUNPATH_SEARCH_PATHS = "$(inherited) @executable_path/Frameworks";
				PRODUCT_NAME = "$(TARGET_NAME)";
				SDKROOT = iphoneos;
				TARGETED_DEVICE_FAMILY = "1,2";
				VALIDATE_PRODUCT = YES;
			};
			name = Release;
		};
		5008DA611AB9F34E00565A28 /* Debug */ = {
			isa = XCBuildConfiguration;
			buildSettings = {
				BUNDLE_LOADER = "$(TEST_HOST)";
				DEBUG_INFORMATION_FORMAT = dwarf;
				FRAMEWORK_SEARCH_PATHS = (
					"$(SDKROOT)/Developer/Library/Frameworks",
					"$(inherited)",
				);
				GCC_NO_COMMON_BLOCKS = YES;
				GCC_PREPROCESSOR_DEFINITIONS = (
					"DEBUG=1",
					"$(inherited)",
				);
				INFOPLIST_FILE = RattleGLESTests/Info.plist;
				IPHONEOS_DEPLOYMENT_TARGET = 8.3;
				LD_RUNPATH_SEARCH_PATHS = "$(inherited) @executable_path/Frameworks @loader_path/Frameworks";
				PRODUCT_NAME = "$(TARGET_NAME)";
				SDKROOT = iphoneos;
				TEST_HOST = "$(BUILT_PRODUCTS_DIR)/RattleGLES.app/RattleGLES";
			};
			name = Debug;
		};
		5008DA621AB9F34E00565A28 /* Release */ = {
			isa = XCBuildConfiguration;
			buildSettings = {
				BUNDLE_LOADER = "$(TEST_HOST)";
				COPY_PHASE_STRIP = NO;
				FRAMEWORK_SEARCH_PATHS = (
					"$(SDKROOT)/Developer/Library/Frameworks",
					"$(inherited)",
				);
				GCC_NO_COMMON_BLOCKS = YES;
				INFOPLIST_FILE = RattleGLESTests/Info.plist;
				IPHONEOS_DEPLOYMENT_TARGET = 8.3;
				LD_RUNPATH_SEARCH_PATHS = "$(inherited) @executable_path/Frameworks @loader_path/Frameworks";
				PRODUCT_NAME = "$(TARGET_NAME)";
				SDKROOT = iphoneos;
				TEST_HOST = "$(BUILT_PRODUCTS_DIR)/RattleGLES.app/RattleGLES";
				VALIDATE_PRODUCT = YES;
			};
			name = Release;
		};
		501204281ABA43E500F4C075 /* Debug */ = {
			isa = XCBuildConfiguration;
			buildSettings = {
				ASSETCATALOG_COMPILER_APPICON_NAME = AppIcon;
				CODE_SIGN_IDENTITY = "-";
				COMBINE_HIDPI_IMAGES = YES;
				DEBUG_INFORMATION_FORMAT = dwarf;
				GCC_NO_COMMON_BLOCKS = YES;
				GCC_PREPROCESSOR_DEFINITIONS = (
					"DEBUG=1",
					"$(inherited)",
				);
				INFOPLIST_FILE = RMXPhysicsBeta/Info.plist;
				LD_RUNPATH_SEARCH_PATHS = "$(inherited) @executable_path/../Frameworks";
				PRODUCT_NAME = "$(TARGET_NAME)";
				SWIFT_OBJC_BRIDGING_HEADER = "";
				SWIFT_OPTIMIZATION_LEVEL = "-Onone";
			};
			name = Debug;
		};
		501204291ABA43E500F4C075 /* Release */ = {
			isa = XCBuildConfiguration;
			buildSettings = {
				ASSETCATALOG_COMPILER_APPICON_NAME = AppIcon;
				CODE_SIGN_IDENTITY = "-";
				COMBINE_HIDPI_IMAGES = YES;
				COPY_PHASE_STRIP = NO;
				GCC_NO_COMMON_BLOCKS = YES;
				INFOPLIST_FILE = RMXPhysicsBeta/Info.plist;
				LD_RUNPATH_SEARCH_PATHS = "$(inherited) @executable_path/../Frameworks";
				PRODUCT_NAME = "$(TARGET_NAME)";
				SWIFT_OBJC_BRIDGING_HEADER = "";
			};
			name = Release;
		};
		5012042B1ABA43E500F4C075 /* Debug */ = {
			isa = XCBuildConfiguration;
			buildSettings = {
				BUNDLE_LOADER = "$(TEST_HOST)";
				COMBINE_HIDPI_IMAGES = YES;
				DEBUG_INFORMATION_FORMAT = dwarf;
				FRAMEWORK_SEARCH_PATHS = (
					"$(DEVELOPER_FRAMEWORKS_DIR)",
					"$(inherited)",
				);
				GCC_NO_COMMON_BLOCKS = YES;
				GCC_PREPROCESSOR_DEFINITIONS = (
					"DEBUG=1",
					"$(inherited)",
				);
				INFOPLIST_FILE = RMXPhysicsBetaTests/Info.plist;
				LD_RUNPATH_SEARCH_PATHS = "$(inherited) @executable_path/../Frameworks @loader_path/../Frameworks";
				PRODUCT_NAME = "$(TARGET_NAME)";
				SWIFT_OBJC_BRIDGING_HEADER = "$(SRCROOT)/OptimizationProfiles/RattleGLS-Bridging-Header.h";
				TEST_HOST = "$(BUILT_PRODUCTS_DIR)/RMXPhysicsBeta.app/Contents/MacOS/RMXPhysicsBeta";
			};
			name = Debug;
		};
		5012042C1ABA43E500F4C075 /* Release */ = {
			isa = XCBuildConfiguration;
			buildSettings = {
				BUNDLE_LOADER = "$(TEST_HOST)";
				COMBINE_HIDPI_IMAGES = YES;
				COPY_PHASE_STRIP = NO;
				FRAMEWORK_SEARCH_PATHS = (
					"$(DEVELOPER_FRAMEWORKS_DIR)",
					"$(inherited)",
				);
				GCC_NO_COMMON_BLOCKS = YES;
				INFOPLIST_FILE = RMXPhysicsBetaTests/Info.plist;
				LD_RUNPATH_SEARCH_PATHS = "$(inherited) @executable_path/../Frameworks @loader_path/../Frameworks";
				PRODUCT_NAME = "$(TARGET_NAME)";
				SWIFT_OBJC_BRIDGING_HEADER = "$(SRCROOT)/OptimizationProfiles/RattleGLS-Bridging-Header.h";
				TEST_HOST = "$(BUILT_PRODUCTS_DIR)/RMXPhysicsBeta.app/Contents/MacOS/RMXPhysicsBeta";
			};
			name = Release;
		};
		5012044B1ABA44C200F4C075 /* Debug */ = {
			isa = XCBuildConfiguration;
			buildSettings = {
				ASSETCATALOG_COMPILER_APPICON_NAME = AppIcon;
				CODE_SIGN_IDENTITY = "Mac Developer";
				COMBINE_HIDPI_IMAGES = YES;
				DEBUG_INFORMATION_FORMAT = dwarf;
				GCC_NO_COMMON_BLOCKS = YES;
				GCC_PREPROCESSOR_DEFINITIONS = (
					"DEBUG=1",
					"$(inherited)",
				);
				INFOPLIST_FILE = "Rattle Physics Beta/Info.plist";
				LD_RUNPATH_SEARCH_PATHS = "$(inherited) @executable_path/../Frameworks";
				PRODUCT_NAME = "$(TARGET_NAME)";
				SWIFT_OBJC_BRIDGING_HEADER = "$(SRCROOT)/RattleGLS-Bridging-Header.h";
				SWIFT_OPTIMIZATION_LEVEL = "-Onone";
			};
			name = Debug;
		};
		5012044C1ABA44C200F4C075 /* Release */ = {
			isa = XCBuildConfiguration;
			buildSettings = {
				ASSETCATALOG_COMPILER_APPICON_NAME = AppIcon;
				CODE_SIGN_IDENTITY = "Mac Developer";
				COMBINE_HIDPI_IMAGES = YES;
				COPY_PHASE_STRIP = NO;
				GCC_NO_COMMON_BLOCKS = YES;
				INFOPLIST_FILE = "Rattle Physics Beta/Info.plist";
				LD_RUNPATH_SEARCH_PATHS = "$(inherited) @executable_path/../Frameworks";
				PRODUCT_NAME = "$(TARGET_NAME)";
				SWIFT_OBJC_BRIDGING_HEADER = "$(SRCROOT)/RattleGLS-Bridging-Header.h";
			};
			name = Release;
		};
		5012044E1ABA44C200F4C075 /* Debug */ = {
			isa = XCBuildConfiguration;
			buildSettings = {
				BUNDLE_LOADER = "$(TEST_HOST)";
				COMBINE_HIDPI_IMAGES = YES;
				DEBUG_INFORMATION_FORMAT = dwarf;
				FRAMEWORK_SEARCH_PATHS = (
					"$(DEVELOPER_FRAMEWORKS_DIR)",
					"$(inherited)",
				);
				GCC_NO_COMMON_BLOCKS = YES;
				GCC_PREPROCESSOR_DEFINITIONS = (
					"DEBUG=1",
					"$(inherited)",
				);
				INFOPLIST_FILE = "Rattle Physics BetaTests/Info.plist";
				LD_RUNPATH_SEARCH_PATHS = "$(inherited) @executable_path/../Frameworks @loader_path/../Frameworks";
				PRODUCT_NAME = "$(TARGET_NAME)";
				TEST_HOST = "$(BUILT_PRODUCTS_DIR)/Rattle Physics Beta.app/Contents/MacOS/Rattle Physics Beta";
			};
			name = Debug;
		};
		5012044F1ABA44C200F4C075 /* Release */ = {
			isa = XCBuildConfiguration;
			buildSettings = {
				BUNDLE_LOADER = "$(TEST_HOST)";
				COMBINE_HIDPI_IMAGES = YES;
				COPY_PHASE_STRIP = NO;
				FRAMEWORK_SEARCH_PATHS = (
					"$(DEVELOPER_FRAMEWORKS_DIR)",
					"$(inherited)",
				);
				GCC_NO_COMMON_BLOCKS = YES;
				INFOPLIST_FILE = "Rattle Physics BetaTests/Info.plist";
				LD_RUNPATH_SEARCH_PATHS = "$(inherited) @executable_path/../Frameworks @loader_path/../Frameworks";
				PRODUCT_NAME = "$(TARGET_NAME)";
				TEST_HOST = "$(BUILT_PRODUCTS_DIR)/Rattle Physics Beta.app/Contents/MacOS/Rattle Physics Beta";
			};
			name = Release;
		};
		503203DE1AB0A821000DD1FE /* Debug */ = {
			isa = XCBuildConfiguration;
			buildSettings = {
				CLANG_ENABLE_MODULES = YES;
				DEBUG_INFORMATION_FORMAT = dwarf;
				GCC_NO_COMMON_BLOCKS = YES;
				GCC_PREPROCESSOR_DEFINITIONS = (
					"DEBUG=1",
					"$(inherited)",
				);
				LD_RUNPATH_SEARCH_PATHS = "$(inherited) @executable_path/../Frameworks @loader_path/../Frameworks";
				PRODUCT_NAME = RattleGLS;
				SWIFT_OBJC_BRIDGING_HEADER = "$(SRCROOT)/RattleGLS-Bridging-Header.h";
				SWIFT_OPTIMIZATION_LEVEL = "-Onone";
			};
			name = Debug;
		};
		503203DF1AB0A821000DD1FE /* Release */ = {
			isa = XCBuildConfiguration;
			buildSettings = {
				CLANG_ENABLE_MODULES = YES;
				COPY_PHASE_STRIP = NO;
				GCC_NO_COMMON_BLOCKS = YES;
				LD_RUNPATH_SEARCH_PATHS = "$(inherited) @executable_path/../Frameworks @loader_path/../Frameworks";
				PRODUCT_NAME = RattleGLS;
				SWIFT_OBJC_BRIDGING_HEADER = "$(SRCROOT)/RattleGLS-Bridging-Header.h";
			};
			name = Release;
		};
		509B6C3E1ABDE9F900D4AF94 /* Debug */ = {
			isa = XCBuildConfiguration;
			buildSettings = {
				ASSETCATALOG_COMPILER_APPICON_NAME = AppIcon;
				CODE_SIGN_IDENTITY = "-";
				COMBINE_HIDPI_IMAGES = YES;
				DEBUG_INFORMATION_FORMAT = dwarf;
				GCC_NO_COMMON_BLOCKS = YES;
				GCC_PREPROCESSOR_DEFINITIONS = (
					"DEBUG=1",
					"$(inherited)",
				);
				INFOPLIST_FILE = "RMS SceneKit/Info.plist";
				LD_RUNPATH_SEARCH_PATHS = "$(inherited) @executable_path/../Frameworks";
				PRODUCT_NAME = "$(TARGET_NAME)";
				SWIFT_OBJC_BRIDGING_HEADER = "$(SRCROOT)/RattleGLS-Bridging-Header.h";
				SWIFT_OPTIMIZATION_LEVEL = "-Onone";
			};
			name = Debug;
		};
		509B6C3F1ABDE9F900D4AF94 /* Release */ = {
			isa = XCBuildConfiguration;
			buildSettings = {
				ASSETCATALOG_COMPILER_APPICON_NAME = AppIcon;
				CODE_SIGN_IDENTITY = "-";
				COMBINE_HIDPI_IMAGES = YES;
				COPY_PHASE_STRIP = NO;
				GCC_NO_COMMON_BLOCKS = YES;
				INFOPLIST_FILE = "RMS SceneKit/Info.plist";
				LD_RUNPATH_SEARCH_PATHS = "$(inherited) @executable_path/../Frameworks";
				PRODUCT_NAME = "$(TARGET_NAME)";
				SWIFT_OBJC_BRIDGING_HEADER = "$(SRCROOT)/RattleGLS-Bridging-Header.h";
			};
			name = Release;
		};
		509B6C401ABDE9F900D4AF94 /* Debug */ = {
			isa = XCBuildConfiguration;
			buildSettings = {
				BUNDLE_LOADER = "$(TEST_HOST)";
				COMBINE_HIDPI_IMAGES = YES;
				DEBUG_INFORMATION_FORMAT = dwarf;
				FRAMEWORK_SEARCH_PATHS = (
					"$(DEVELOPER_FRAMEWORKS_DIR)",
					"$(inherited)",
				);
				GCC_NO_COMMON_BLOCKS = YES;
				GCC_PREPROCESSOR_DEFINITIONS = (
					"DEBUG=1",
					"$(inherited)",
				);
				INFOPLIST_FILE = "RMS SceneKitTests/Info.plist";
				LD_RUNPATH_SEARCH_PATHS = "$(inherited) @executable_path/../Frameworks @loader_path/../Frameworks";
				PRODUCT_NAME = "$(TARGET_NAME)";
				TEST_HOST = "$(BUILT_PRODUCTS_DIR)/RMS SceneKit.app/Contents/MacOS/RMS SceneKit";
			};
			name = Debug;
		};
		509B6C411ABDE9F900D4AF94 /* Release */ = {
			isa = XCBuildConfiguration;
			buildSettings = {
				BUNDLE_LOADER = "$(TEST_HOST)";
				COMBINE_HIDPI_IMAGES = YES;
				COPY_PHASE_STRIP = NO;
				FRAMEWORK_SEARCH_PATHS = (
					"$(DEVELOPER_FRAMEWORKS_DIR)",
					"$(inherited)",
				);
				GCC_NO_COMMON_BLOCKS = YES;
				INFOPLIST_FILE = "RMS SceneKitTests/Info.plist";
				LD_RUNPATH_SEARCH_PATHS = "$(inherited) @executable_path/../Frameworks @loader_path/../Frameworks";
				PRODUCT_NAME = "$(TARGET_NAME)";
				TEST_HOST = "$(BUILT_PRODUCTS_DIR)/RMS SceneKit.app/Contents/MacOS/RMS SceneKit";
			};
			name = Release;
		};
		6C7B50751A9E7B2E00B140D7 /* Debug */ = {
			isa = XCBuildConfiguration;
			buildSettings = {
				ALWAYS_SEARCH_USER_PATHS = NO;
				CLANG_CXX_LANGUAGE_STANDARD = "gnu++0x";
				CLANG_CXX_LIBRARY = "libc++";
				CLANG_ENABLE_MODULES = YES;
				CLANG_ENABLE_OBJC_ARC = YES;
				CLANG_WARN_BOOL_CONVERSION = YES;
				CLANG_WARN_CONSTANT_CONVERSION = YES;
				CLANG_WARN_DIRECT_OBJC_ISA_USAGE = YES_ERROR;
				CLANG_WARN_EMPTY_BODY = YES;
				CLANG_WARN_ENUM_CONVERSION = YES;
				CLANG_WARN_INT_CONVERSION = YES;
				CLANG_WARN_OBJC_ROOT_CLASS = YES_ERROR;
				CLANG_WARN_UNREACHABLE_CODE = YES;
				CLANG_WARN__DUPLICATE_METHOD_MATCH = YES;
				COPY_PHASE_STRIP = NO;
				ENABLE_STRICT_OBJC_MSGSEND = YES;
				GCC_C_LANGUAGE_STANDARD = gnu99;
				GCC_DYNAMIC_NO_PIC = NO;
				GCC_OPTIMIZATION_LEVEL = 0;
				GCC_PREPROCESSOR_DEFINITIONS = (
					"DEBUG=1",
					"$(inherited)",
				);
				GCC_SYMBOLS_PRIVATE_EXTERN = NO;
				GCC_WARN_64_TO_32_BIT_CONVERSION = YES;
				GCC_WARN_ABOUT_RETURN_TYPE = YES_ERROR;
				GCC_WARN_UNDECLARED_SELECTOR = YES;
				GCC_WARN_UNINITIALIZED_AUTOS = YES_AGGRESSIVE;
				GCC_WARN_UNUSED_FUNCTION = YES;
				GCC_WARN_UNUSED_VARIABLE = YES;
				MACOSX_DEPLOYMENT_TARGET = 10.10;
				MTL_ENABLE_DEBUG_INFO = YES;
				ONLY_ACTIVE_ARCH = YES;
				PRODUCT_MODULE_NAME = RattleGL;
				SDKROOT = macosx;
				SWIFT_OBJC_BRIDGING_HEADER = "";
			};
			name = Debug;
		};
		6C7B50761A9E7B2E00B140D7 /* Release */ = {
			isa = XCBuildConfiguration;
			buildSettings = {
				ALWAYS_SEARCH_USER_PATHS = NO;
				CLANG_CXX_LANGUAGE_STANDARD = "gnu++0x";
				CLANG_CXX_LIBRARY = "libc++";
				CLANG_ENABLE_MODULES = YES;
				CLANG_ENABLE_OBJC_ARC = YES;
				CLANG_WARN_BOOL_CONVERSION = YES;
				CLANG_WARN_CONSTANT_CONVERSION = YES;
				CLANG_WARN_DIRECT_OBJC_ISA_USAGE = YES_ERROR;
				CLANG_WARN_EMPTY_BODY = YES;
				CLANG_WARN_ENUM_CONVERSION = YES;
				CLANG_WARN_INT_CONVERSION = YES;
				CLANG_WARN_OBJC_ROOT_CLASS = YES_ERROR;
				CLANG_WARN_UNREACHABLE_CODE = YES;
				CLANG_WARN__DUPLICATE_METHOD_MATCH = YES;
				COPY_PHASE_STRIP = YES;
				DEBUG_INFORMATION_FORMAT = "dwarf-with-dsym";
				ENABLE_NS_ASSERTIONS = NO;
				ENABLE_STRICT_OBJC_MSGSEND = YES;
				GCC_C_LANGUAGE_STANDARD = gnu99;
				GCC_WARN_64_TO_32_BIT_CONVERSION = YES;
				GCC_WARN_ABOUT_RETURN_TYPE = YES_ERROR;
				GCC_WARN_UNDECLARED_SELECTOR = YES;
				GCC_WARN_UNINITIALIZED_AUTOS = YES_AGGRESSIVE;
				GCC_WARN_UNUSED_FUNCTION = YES;
				GCC_WARN_UNUSED_VARIABLE = YES;
				MACOSX_DEPLOYMENT_TARGET = 10.10;
				MTL_ENABLE_DEBUG_INFO = NO;
				PRODUCT_MODULE_NAME = RattleGL;
				SDKROOT = macosx;
				SWIFT_OBJC_BRIDGING_HEADER = "";
			};
			name = Release;
		};
		6C7B50781A9E7B2E00B140D7 /* Debug */ = {
			isa = XCBuildConfiguration;
			buildSettings = {
				CLANG_ENABLE_MODULES = YES;
				LD_RUNPATH_SEARCH_PATHS = "$(inherited) @executable_path/../Frameworks @loader_path/../Frameworks";
				PRODUCT_MODULE_NAME = RattleGL;
				PRODUCT_NAME = RattleGL;
				SWIFT_OBJC_BRIDGING_HEADER = "RattleGLS-Bridging-Header.h";
				SWIFT_OPTIMIZATION_LEVEL = "-Onone";
				SWIFT_WHOLE_MODULE_OPTIMIZATION = NO;
			};
			name = Debug;
		};
		6C7B50791A9E7B2E00B140D7 /* Release */ = {
			isa = XCBuildConfiguration;
			buildSettings = {
				CLANG_ENABLE_MODULES = YES;
				LD_RUNPATH_SEARCH_PATHS = "$(inherited) @executable_path/../Frameworks @loader_path/../Frameworks";
				ONLY_ACTIVE_ARCH = NO;
				PRODUCT_MODULE_NAME = RattleGL;
				PRODUCT_NAME = RattleGL;
				SWIFT_OBJC_BRIDGING_HEADER = "RattleGLS-Bridging-Header.h";
				SWIFT_WHOLE_MODULE_OPTIMIZATION = NO;
			};
			name = Release;
		};
		6CF88B531ABFE6BE00450039 /* Debug */ = {
			isa = XCBuildConfiguration;
			buildSettings = {
				ASSETCATALOG_COMPILER_APPICON_NAME = AppIcon;
				"CODE_SIGN_IDENTITY[sdk=iphoneos*]" = "iPhone Developer";
				DEBUG_INFORMATION_FORMAT = dwarf;
				GCC_NO_COMMON_BLOCKS = YES;
				GCC_PREPROCESSOR_DEFINITIONS = (
					"DEBUG=1",
					"$(inherited)",
				);
				INFOPLIST_FILE = "RMX-ES/Info.plist";
				IPHONEOS_DEPLOYMENT_TARGET = 8.3;
				LD_RUNPATH_SEARCH_PATHS = "$(inherited) @executable_path/Frameworks";
				PRODUCT_NAME = "$(TARGET_NAME)";
				SDKROOT = iphoneos;
				SWIFT_OBJC_BRIDGING_HEADER = "$(SRCROOT)/RattleGLS-Bridging-Header.h";
				TARGETED_DEVICE_FAMILY = "1,2";
			};
			name = Debug;
		};
		6CF88B541ABFE6BE00450039 /* Release */ = {
			isa = XCBuildConfiguration;
			buildSettings = {
				ASSETCATALOG_COMPILER_APPICON_NAME = AppIcon;
				"CODE_SIGN_IDENTITY[sdk=iphoneos*]" = "iPhone Developer";
				COPY_PHASE_STRIP = NO;
				GCC_NO_COMMON_BLOCKS = YES;
				INFOPLIST_FILE = "RMX-ES/Info.plist";
				IPHONEOS_DEPLOYMENT_TARGET = 8.3;
				LD_RUNPATH_SEARCH_PATHS = "$(inherited) @executable_path/Frameworks";
				PRODUCT_NAME = "$(TARGET_NAME)";
				SDKROOT = iphoneos;
				SWIFT_OBJC_BRIDGING_HEADER = "$(SRCROOT)/RattleGLS-Bridging-Header.h";
				TARGETED_DEVICE_FAMILY = "1,2";
				VALIDATE_PRODUCT = YES;
			};
			name = Release;
		};
		6CF88B551ABFE6BE00450039 /* Debug */ = {
			isa = XCBuildConfiguration;
			buildSettings = {
				BUNDLE_LOADER = "$(TEST_HOST)";
				DEBUG_INFORMATION_FORMAT = dwarf;
				FRAMEWORK_SEARCH_PATHS = (
					"$(SDKROOT)/Developer/Library/Frameworks",
					"$(inherited)",
				);
				GCC_NO_COMMON_BLOCKS = YES;
				GCC_PREPROCESSOR_DEFINITIONS = (
					"DEBUG=1",
					"$(inherited)",
				);
				INFOPLIST_FILE = "RMX-ESTests/Info.plist";
				IPHONEOS_DEPLOYMENT_TARGET = 8.3;
				LD_RUNPATH_SEARCH_PATHS = "$(inherited) @executable_path/Frameworks @loader_path/Frameworks";
				PRODUCT_NAME = "$(TARGET_NAME)";
				SDKROOT = iphoneos;
				TEST_HOST = "$(BUILT_PRODUCTS_DIR)/RMX-ES.app/RMX-ES";
			};
			name = Debug;
		};
		6CF88B561ABFE6BE00450039 /* Release */ = {
			isa = XCBuildConfiguration;
			buildSettings = {
				BUNDLE_LOADER = "$(TEST_HOST)";
				COPY_PHASE_STRIP = NO;
				FRAMEWORK_SEARCH_PATHS = (
					"$(SDKROOT)/Developer/Library/Frameworks",
					"$(inherited)",
				);
				GCC_NO_COMMON_BLOCKS = YES;
				INFOPLIST_FILE = "RMX-ESTests/Info.plist";
				IPHONEOS_DEPLOYMENT_TARGET = 8.3;
				LD_RUNPATH_SEARCH_PATHS = "$(inherited) @executable_path/Frameworks @loader_path/Frameworks";
				PRODUCT_NAME = "$(TARGET_NAME)";
				SDKROOT = iphoneos;
				TEST_HOST = "$(BUILT_PRODUCTS_DIR)/RMX-ES.app/RMX-ES";
				VALIDATE_PRODUCT = YES;
			};
			name = Release;
		};
/* End XCBuildConfiguration section */

/* Begin XCConfigurationList section */
		5008DA5D1AB9F34E00565A28 /* Build configuration list for PBXNativeTarget "RattleGLES" */ = {
			isa = XCConfigurationList;
			buildConfigurations = (
				5008DA5E1AB9F34E00565A28 /* Debug */,
				5008DA5F1AB9F34E00565A28 /* Release */,
			);
			defaultConfigurationIsVisible = 0;
			defaultConfigurationName = Release;
		};
		5008DA601AB9F34E00565A28 /* Build configuration list for PBXNativeTarget "RattleGLESTests" */ = {
			isa = XCConfigurationList;
			buildConfigurations = (
				5008DA611AB9F34E00565A28 /* Debug */,
				5008DA621AB9F34E00565A28 /* Release */,
			);
			defaultConfigurationIsVisible = 0;
			defaultConfigurationName = Release;
		};
		501204271ABA43E500F4C075 /* Build configuration list for PBXNativeTarget "RMXPhysicsBeta" */ = {
			isa = XCConfigurationList;
			buildConfigurations = (
				501204281ABA43E500F4C075 /* Debug */,
				501204291ABA43E500F4C075 /* Release */,
			);
			defaultConfigurationIsVisible = 0;
			defaultConfigurationName = Release;
		};
		5012042A1ABA43E500F4C075 /* Build configuration list for PBXNativeTarget "RMXPhysicsBetaTests" */ = {
			isa = XCConfigurationList;
			buildConfigurations = (
				5012042B1ABA43E500F4C075 /* Debug */,
				5012042C1ABA43E500F4C075 /* Release */,
			);
			defaultConfigurationIsVisible = 0;
			defaultConfigurationName = Release;
		};
		5012044A1ABA44C200F4C075 /* Build configuration list for PBXNativeTarget "Rattle Physics Beta" */ = {
			isa = XCConfigurationList;
			buildConfigurations = (
				5012044B1ABA44C200F4C075 /* Debug */,
				5012044C1ABA44C200F4C075 /* Release */,
			);
			defaultConfigurationIsVisible = 0;
			defaultConfigurationName = Release;
		};
		5012044D1ABA44C200F4C075 /* Build configuration list for PBXNativeTarget "Rattle Physics BetaTests" */ = {
			isa = XCConfigurationList;
			buildConfigurations = (
				5012044E1ABA44C200F4C075 /* Debug */,
				5012044F1ABA44C200F4C075 /* Release */,
			);
			defaultConfigurationIsVisible = 0;
			defaultConfigurationName = Release;
		};
		503203DD1AB0A821000DD1FE /* Build configuration list for PBXNativeTarget "RattleGLS" */ = {
			isa = XCConfigurationList;
			buildConfigurations = (
				503203DE1AB0A821000DD1FE /* Debug */,
				503203DF1AB0A821000DD1FE /* Release */,
			);
			defaultConfigurationIsVisible = 0;
			defaultConfigurationName = Release;
		};
		509B6C421ABDE9F900D4AF94 /* Build configuration list for PBXNativeTarget "RMS SceneKit" */ = {
			isa = XCConfigurationList;
			buildConfigurations = (
				509B6C3E1ABDE9F900D4AF94 /* Debug */,
				509B6C3F1ABDE9F900D4AF94 /* Release */,
			);
			defaultConfigurationIsVisible = 0;
			defaultConfigurationName = Release;
		};
		509B6C431ABDE9F900D4AF94 /* Build configuration list for PBXNativeTarget "RMS SceneKitTests" */ = {
			isa = XCConfigurationList;
			buildConfigurations = (
				509B6C401ABDE9F900D4AF94 /* Debug */,
				509B6C411ABDE9F900D4AF94 /* Release */,
			);
			defaultConfigurationIsVisible = 0;
			defaultConfigurationName = Release;
		};
		6C7B506B1A9E7B2E00B140D7 /* Build configuration list for PBXProject "RattleGL" */ = {
			isa = XCConfigurationList;
			buildConfigurations = (
				6C7B50751A9E7B2E00B140D7 /* Debug */,
				6C7B50761A9E7B2E00B140D7 /* Release */,
			);
			defaultConfigurationIsVisible = 0;
			defaultConfigurationName = Release;
		};
		6C7B50771A9E7B2E00B140D7 /* Build configuration list for PBXNativeTarget "RattleGL" */ = {
			isa = XCConfigurationList;
			buildConfigurations = (
				6C7B50781A9E7B2E00B140D7 /* Debug */,
				6C7B50791A9E7B2E00B140D7 /* Release */,
			);
			defaultConfigurationIsVisible = 0;
			defaultConfigurationName = Release;
		};
		6CF88B571ABFE6BE00450039 /* Build configuration list for PBXNativeTarget "RMX-ES" */ = {
			isa = XCConfigurationList;
			buildConfigurations = (
				6CF88B531ABFE6BE00450039 /* Debug */,
				6CF88B541ABFE6BE00450039 /* Release */,
			);
			defaultConfigurationIsVisible = 0;
			defaultConfigurationName = Release;
		};
		6CF88B581ABFE6BE00450039 /* Build configuration list for PBXNativeTarget "RMX-ESTests" */ = {
			isa = XCConfigurationList;
			buildConfigurations = (
				6CF88B551ABFE6BE00450039 /* Debug */,
				6CF88B561ABFE6BE00450039 /* Release */,
			);
			defaultConfigurationIsVisible = 0;
			defaultConfigurationName = Release;
		};
/* End XCConfigurationList section */
	};
	rootObject = 6C7B50681A9E7B2E00B140D7 /* Project object */;
}
